// !$*UTF8*$!
{
	archiveVersion = 1;
	classes = {
	};
	objectVersion = 46;
	objects = {

/* Begin PBXBuildFile section */
		55377EB31CC15AC900A2C08E /* Assets.xcassets in Resources */ = {isa = PBXBuildFile; fileRef = 55377EB21CC15AC900A2C08E /* Assets.xcassets */; };
		55377F721CC15C2400A2C08E /* 5Soldiers.tiff in Resources */ = {isa = PBXBuildFile; fileRef = 55377EBD1CC15C2300A2C08E /* 5Soldiers.tiff */; };
		55377F731CC15C2400A2C08E /* 10Soldiers.tiff in Resources */ = {isa = PBXBuildFile; fileRef = 55377EBE1CC15C2300A2C08E /* 10Soldiers.tiff */; };
		55377F741CC15C2400A2C08E /* AppIcon.tiff in Resources */ = {isa = PBXBuildFile; fileRef = 55377EBF1CC15C2300A2C08E /* AppIcon.tiff */; };
		55377F751CC15C2400A2C08E /* AppIcon2.tiff in Resources */ = {isa = PBXBuildFile; fileRef = 55377EC01CC15C2300A2C08E /* AppIcon2.tiff */; };
		55377F761CC15C2400A2C08E /* ArmyPlacementValidator.m in Sources */ = {isa = PBXBuildFile; fileRef = 55377EC21CC15C2300A2C08E /* ArmyPlacementValidator.m */; };
		55377F771CC15C2400A2C08E /* ArmyView.m in Sources */ = {isa = PBXBuildFile; fileRef = 55377EC41CC15C2300A2C08E /* ArmyView.m */; };
		55377F781CC15C2400A2C08E /* BoardBacking.tiff in Resources */ = {isa = PBXBuildFile; fileRef = 55377EC51CC15C2300A2C08E /* BoardBacking.tiff */; };
		55377F791CC15C2400A2C08E /* BoardSetup.m in Sources */ = {isa = PBXBuildFile; fileRef = 55377EC71CC15C2300A2C08E /* BoardSetup.m */; };
		55377F7A1CC15C2400A2C08E /* Brain.m in Sources */ = {isa = PBXBuildFile; fileRef = 55377EC91CC15C2300A2C08E /* Brain.m */; };
		55377F7B1CC15C2400A2C08E /* CardBack.tiff in Resources */ = {isa = PBXBuildFile; fileRef = 55377ECA1CC15C2300A2C08E /* CardBack.tiff */; };
		55377F7C1CC15C2400A2C08E /* Afghanistan.tiff in Resources */ = {isa = PBXBuildFile; fileRef = 55377ECC1CC15C2300A2C08E /* Afghanistan.tiff */; };
		55377F7D1CC15C2400A2C08E /* Alaska.tiff in Resources */ = {isa = PBXBuildFile; fileRef = 55377ECD1CC15C2300A2C08E /* Alaska.tiff */; };
		55377F7E1CC15C2400A2C08E /* Alberta.tiff in Resources */ = {isa = PBXBuildFile; fileRef = 55377ECE1CC15C2300A2C08E /* Alberta.tiff */; };
		55377F7F1CC15C2400A2C08E /* Argentina.tiff in Resources */ = {isa = PBXBuildFile; fileRef = 55377ECF1CC15C2300A2C08E /* Argentina.tiff */; };
		55377F801CC15C2400A2C08E /* Brazil.tiff in Resources */ = {isa = PBXBuildFile; fileRef = 55377ED01CC15C2300A2C08E /* Brazil.tiff */; };
		55377F811CC15C2400A2C08E /* CentralAmerica.tiff in Resources */ = {isa = PBXBuildFile; fileRef = 55377ED11CC15C2300A2C08E /* CentralAmerica.tiff */; };
		55377F821CC15C2400A2C08E /* China.tiff in Resources */ = {isa = PBXBuildFile; fileRef = 55377ED21CC15C2300A2C08E /* China.tiff */; };
		55377F831CC15C2400A2C08E /* Congo.tiff in Resources */ = {isa = PBXBuildFile; fileRef = 55377ED31CC15C2300A2C08E /* Congo.tiff */; };
		55377F841CC15C2400A2C08E /* EastAfrica.tiff in Resources */ = {isa = PBXBuildFile; fileRef = 55377ED41CC15C2300A2C08E /* EastAfrica.tiff */; };
		55377F851CC15C2400A2C08E /* EasternAustralia.tiff in Resources */ = {isa = PBXBuildFile; fileRef = 55377ED51CC15C2300A2C08E /* EasternAustralia.tiff */; };
		55377F861CC15C2400A2C08E /* EasternUS.tiff in Resources */ = {isa = PBXBuildFile; fileRef = 55377ED61CC15C2300A2C08E /* EasternUS.tiff */; };
		55377F871CC15C2400A2C08E /* Egypt.tiff in Resources */ = {isa = PBXBuildFile; fileRef = 55377ED71CC15C2300A2C08E /* Egypt.tiff */; };
		55377F881CC15C2400A2C08E /* GreatBritain.tiff in Resources */ = {isa = PBXBuildFile; fileRef = 55377ED81CC15C2300A2C08E /* GreatBritain.tiff */; };
		55377F891CC15C2400A2C08E /* Greenland.tiff in Resources */ = {isa = PBXBuildFile; fileRef = 55377ED91CC15C2300A2C08E /* Greenland.tiff */; };
		55377F8B1CC15C2400A2C08E /* Iceland.tiff in Resources */ = {isa = PBXBuildFile; fileRef = 55377EDB1CC15C2300A2C08E /* Iceland.tiff */; };
		55377F8C1CC15C2400A2C08E /* India.tiff in Resources */ = {isa = PBXBuildFile; fileRef = 55377EDC1CC15C2300A2C08E /* India.tiff */; };
		55377F8D1CC15C2400A2C08E /* Indonesia.tiff in Resources */ = {isa = PBXBuildFile; fileRef = 55377EDD1CC15C2300A2C08E /* Indonesia.tiff */; };
		55377F8E1CC15C2400A2C08E /* Irkutsk.tiff in Resources */ = {isa = PBXBuildFile; fileRef = 55377EDE1CC15C2300A2C08E /* Irkutsk.tiff */; };
		55377F8F1CC15C2400A2C08E /* Japan.tiff in Resources */ = {isa = PBXBuildFile; fileRef = 55377EDF1CC15C2300A2C08E /* Japan.tiff */; };
		55377F901CC15C2400A2C08E /* Joker1.tiff in Resources */ = {isa = PBXBuildFile; fileRef = 55377EE01CC15C2300A2C08E /* Joker1.tiff */; };
		55377F911CC15C2400A2C08E /* Joker2.tiff in Resources */ = {isa = PBXBuildFile; fileRef = 55377EE11CC15C2300A2C08E /* Joker2.tiff */; };
		55377F921CC15C2400A2C08E /* Kamchatka.tiff in Resources */ = {isa = PBXBuildFile; fileRef = 55377EE21CC15C2300A2C08E /* Kamchatka.tiff */; };
		55377F941CC15C2400A2C08E /* Madagascar.tiff in Resources */ = {isa = PBXBuildFile; fileRef = 55377EE41CC15C2300A2C08E /* Madagascar.tiff */; };
		55377F981CC15C2400A2C08E /* MiddleEast.tiff in Resources */ = {isa = PBXBuildFile; fileRef = 55377EE81CC15C2300A2C08E /* MiddleEast.tiff */; };
		55377F991CC15C2400A2C08E /* Mongolia.tiff in Resources */ = {isa = PBXBuildFile; fileRef = 55377EE91CC15C2300A2C08E /* Mongolia.tiff */; };
		55377F9A1CC15C2400A2C08E /* NewGuinea.tiff in Resources */ = {isa = PBXBuildFile; fileRef = 55377EEA1CC15C2300A2C08E /* NewGuinea.tiff */; };
		55377F9B1CC15C2400A2C08E /* NorthAfrica.tiff in Resources */ = {isa = PBXBuildFile; fileRef = 55377EEB1CC15C2300A2C08E /* NorthAfrica.tiff */; };
		55377F9C1CC15C2400A2C08E /* NorthernEurope.tiff in Resources */ = {isa = PBXBuildFile; fileRef = 55377EEC1CC15C2300A2C08E /* NorthernEurope.tiff */; };
		55377F9D1CC15C2400A2C08E /* NorthwestTerritory.tiff in Resources */ = {isa = PBXBuildFile; fileRef = 55377EED1CC15C2300A2C08E /* NorthwestTerritory.tiff */; };
		55377F9E1CC15C2400A2C08E /* Ontario.tiff in Resources */ = {isa = PBXBuildFile; fileRef = 55377EEE1CC15C2300A2C08E /* Ontario.tiff */; };
		55377FA01CC15C2400A2C08E /* Peru.tiff in Resources */ = {isa = PBXBuildFile; fileRef = 55377EF01CC15C2300A2C08E /* Peru.tiff */; };
		55377FA11CC15C2400A2C08E /* Quebec.tiff in Resources */ = {isa = PBXBuildFile; fileRef = 55377EF11CC15C2300A2C08E /* Quebec.tiff */; };
		55377FA21CC15C2400A2C08E /* Scandinavia.tiff in Resources */ = {isa = PBXBuildFile; fileRef = 55377EF21CC15C2300A2C08E /* Scandinavia.tiff */; };
		55377FA31CC15C2400A2C08E /* Siam.tiff in Resources */ = {isa = PBXBuildFile; fileRef = 55377EF31CC15C2300A2C08E /* Siam.tiff */; };
		55377FA41CC15C2400A2C08E /* Siberia.tiff in Resources */ = {isa = PBXBuildFile; fileRef = 55377EF41CC15C2300A2C08E /* Siberia.tiff */; };
		55377FA51CC15C2400A2C08E /* SouthAfrica.tiff in Resources */ = {isa = PBXBuildFile; fileRef = 55377EF51CC15C2300A2C08E /* SouthAfrica.tiff */; };
		55377FA61CC15C2400A2C08E /* SouthernEurope.tiff in Resources */ = {isa = PBXBuildFile; fileRef = 55377EF61CC15C2300A2C08E /* SouthernEurope.tiff */; };
		55377FA71CC15C2400A2C08E /* Ukraine.tiff in Resources */ = {isa = PBXBuildFile; fileRef = 55377EF71CC15C2300A2C08E /* Ukraine.tiff */; };
		55377FA81CC15C2400A2C08E /* Ural.tiff in Resources */ = {isa = PBXBuildFile; fileRef = 55377EF81CC15C2300A2C08E /* Ural.tiff */; };
		55377FA91CC15C2400A2C08E /* Venezuela.tiff in Resources */ = {isa = PBXBuildFile; fileRef = 55377EF91CC15C2300A2C08E /* Venezuela.tiff */; };
		55377FAA1CC15C2400A2C08E /* WesternAustralia.tiff in Resources */ = {isa = PBXBuildFile; fileRef = 55377EFA1CC15C2300A2C08E /* WesternAustralia.tiff */; };
		55377FAB1CC15C2400A2C08E /* WesternEurope.tiff in Resources */ = {isa = PBXBuildFile; fileRef = 55377EFB1CC15C2300A2C08E /* WesternEurope.tiff */; };
		55377FAC1CC15C2400A2C08E /* WesternUS.tiff in Resources */ = {isa = PBXBuildFile; fileRef = 55377EFC1CC15C2300A2C08E /* WesternUS.tiff */; };
		55377FAD1CC15C2400A2C08E /* Yakutsk.tiff in Resources */ = {isa = PBXBuildFile; fileRef = 55377EFD1CC15C2300A2C08E /* Yakutsk.tiff */; };
		55377FAE1CC15C2400A2C08E /* CardPanelController.m in Sources */ = {isa = PBXBuildFile; fileRef = 55377EFF1CC15C2300A2C08E /* CardPanelController.m */; };
		55377FAF1CC15C2400A2C08E /* CardSet.m in Sources */ = {isa = PBXBuildFile; fileRef = 55377F011CC15C2300A2C08E /* CardSet.m */; };
		55377FB01CC15C2400A2C08E /* Computer.tiff in Resources */ = {isa = PBXBuildFile; fileRef = 55377F021CC15C2300A2C08E /* Computer.tiff */; };
		55377FB11CC15C2400A2C08E /* Continent.m in Sources */ = {isa = PBXBuildFile; fileRef = 55377F041CC15C2300A2C08E /* Continent.m */; };
		55377FB21CC15C2400A2C08E /* Country.m in Sources */ = {isa = PBXBuildFile; fileRef = 55377F061CC15C2300A2C08E /* Country.m */; };
		55377FB31CC15C2400A2C08E /* CountryShape.m in Sources */ = {isa = PBXBuildFile; fileRef = 55377F081CC15C2300A2C08E /* CountryShape.m */; };
		55377FB41CC15C2400A2C08E /* CPIcon.tiff in Resources */ = {isa = PBXBuildFile; fileRef = 55377F091CC15C2300A2C08E /* CPIcon.tiff */; };
		55377FB51CC15C2400A2C08E /* DiceInspector.m in Sources */ = {isa = PBXBuildFile; fileRef = 55377F0B1CC15C2300A2C08E /* DiceInspector.m */; };
		55377FB61CC15C2400A2C08E /* Die1.tiff in Resources */ = {isa = PBXBuildFile; fileRef = 55377F0C1CC15C2300A2C08E /* Die1.tiff */; };
		55377FB71CC15C2400A2C08E /* Die2.tiff in Resources */ = {isa = PBXBuildFile; fileRef = 55377F0D1CC15C2300A2C08E /* Die2.tiff */; };
		55377FB81CC15C2400A2C08E /* Die3.tiff in Resources */ = {isa = PBXBuildFile; fileRef = 55377F0E1CC15C2300A2C08E /* Die3.tiff */; };
		55377FB91CC15C2400A2C08E /* Die4.tiff in Resources */ = {isa = PBXBuildFile; fileRef = 55377F0F1CC15C2300A2C08E /* Die4.tiff */; };
		55377FBA1CC15C2400A2C08E /* Die5.tiff in Resources */ = {isa = PBXBuildFile; fileRef = 55377F101CC15C2300A2C08E /* Die5.tiff */; };
		55377FBB1CC15C2400A2C08E /* Die6.tiff in Resources */ = {isa = PBXBuildFile; fileRef = 55377F111CC15C2300A2C08E /* Die6.tiff */; };
		55377FBC1CC15C2400A2C08E /* CardPanel.nib in Resources */ = {isa = PBXBuildFile; fileRef = 55377F131CC15C2300A2C08E /* CardPanel.nib */; };
		55377FBE1CC15C2400A2C08E /* DiceInspector.nib in Resources */ = {isa = PBXBuildFile; fileRef = 55377F171CC15C2300A2C08E /* DiceInspector.nib */; };
		55377FC01CC15C2400A2C08E /* GameBoard.nib in Resources */ = {isa = PBXBuildFile; fileRef = 55377F1B1CC15C2300A2C08E /* GameBoard.nib */; };
		55377FC21CC15C2400A2C08E /* InfoPanel.nib in Resources */ = {isa = PBXBuildFile; fileRef = 55377F1F1CC15C2300A2C08E /* InfoPanel.nib */; };
		55377FC41CC15C2400A2C08E /* NewGamePanel.nib in Resources */ = {isa = PBXBuildFile; fileRef = 55377F231CC15C2300A2C08E /* NewGamePanel.nib */; };
		55377FC61CC15C2400A2C08E /* Risk.nib in Resources */ = {isa = PBXBuildFile; fileRef = 55377F271CC15C2300A2C08E /* Risk.nib */; };
		55377FC81CC15C2400A2C08E /* PlayerConsole.nib in Resources */ = {isa = PBXBuildFile; fileRef = 55377F2B1CC15C2300A2C08E /* PlayerConsole.nib */; };
		55377FCA1CC15C2400A2C08E /* PreferencePanel.nib in Resources */ = {isa = PBXBuildFile; fileRef = 55377F2F1CC15C2300A2C08E /* PreferencePanel.nib */; };
		55377FCD1CC15C2400A2C08E /* WorldInfoPanel.nib in Resources */ = {isa = PBXBuildFile; fileRef = 55377F351CC15C2300A2C08E /* WorldInfoPanel.nib */; };
		55377FCF1CC15C2400A2C08E /* GameConfiguration.m in Sources */ = {isa = PBXBuildFile; fileRef = 55377F3A1CC15C2300A2C08E /* GameConfiguration.m */; };
		55377FD61CC15C2400A2C08E /* Human.m in Sources */ = {isa = PBXBuildFile; fileRef = 55377F431CC15C2300A2C08E /* Human.m */; };
		55377FD71CC15C2400A2C08E /* Human.rtf in Resources */ = {isa = PBXBuildFile; fileRef = 55377F441CC15C2300A2C08E /* Human.rtf */; };
		55377FD81CC15C2400A2C08E /* Human.tiff in Resources */ = {isa = PBXBuildFile; fileRef = 55377F451CC15C2300A2C08E /* Human.tiff */; };
		55377FD91CC15C2400A2C08E /* LineView.m in Sources */ = {isa = PBXBuildFile; fileRef = 55377F471CC15C2300A2C08E /* LineView.m */; };
		55377FDA1CC15C2400A2C08E /* LittleCardBack.tiff in Resources */ = {isa = PBXBuildFile; fileRef = 55377F481CC15C2300A2C08E /* LittleCardBack.tiff */; };
		55377FDB1CC15C2400A2C08E /* LittleStar.tiff in Resources */ = {isa = PBXBuildFile; fileRef = 55377F491CC15C2300A2C08E /* LittleStar.tiff */; };
		55377FDC1CC15C2400A2C08E /* MiniWorldInfo.tiff in Resources */ = {isa = PBXBuildFile; fileRef = 55377F4A1CC15C2300A2C08E /* MiniWorldInfo.tiff */; };
		55377FDD1CC15C2400A2C08E /* NewGameController.m in Sources */ = {isa = PBXBuildFile; fileRef = 55377F4C1CC15C2300A2C08E /* NewGameController.m */; };
		55377FDE1CC15C2400A2C08E /* NotPlaying.rtf in Resources */ = {isa = PBXBuildFile; fileRef = 55377F4D1CC15C2300A2C08E /* NotPlaying.rtf */; };
		55377FDF1CC15C2400A2C08E /* NSObjectExtensions.m in Sources */ = {isa = PBXBuildFile; fileRef = 55377F4F1CC15C2300A2C08E /* NSObjectExtensions.m */; };
		55377FE01CC15C2400A2C08E /* PreferenceController.m in Sources */ = {isa = PBXBuildFile; fileRef = 55377F511CC15C2300A2C08E /* PreferenceController.m */; };
		55377FE11CC15C2400A2C08E /* Risk_main.m in Sources */ = {isa = PBXBuildFile; fileRef = 55377F521CC15C2300A2C08E /* Risk_main.m */; };
		55377FE21CC15C2400A2C08E /* Risk.m in Sources */ = {isa = PBXBuildFile; fileRef = 55377F541CC15C2300A2C08E /* Risk.m */; };
		55377FE31CC15C2400A2C08E /* RiskCard.m in Sources */ = {isa = PBXBuildFile; fileRef = 55377F561CC15C2400A2C08E /* RiskCard.m */; };
		55377FE41CC15C2400A2C08E /* RiskGameManager.m in Sources */ = {isa = PBXBuildFile; fileRef = 55377F581CC15C2400A2C08E /* RiskGameManager.m */; };
		55377FE51CC15C2400A2C08E /* RiskMapView.m in Sources */ = {isa = PBXBuildFile; fileRef = 55377F5A1CC15C2400A2C08E /* RiskMapView.m */; };
		55377FE61CC15C2400A2C08E /* RiskNeighbor.m in Sources */ = {isa = PBXBuildFile; fileRef = 55377F5C1CC15C2400A2C08E /* RiskNeighbor.m */; };
		55377FE71CC15C2400A2C08E /* RiskPlayer.m in Sources */ = {isa = PBXBuildFile; fileRef = 55377F5E1CC15C2400A2C08E /* RiskPlayer.m */; };
		55377FE81CC15C2400A2C08E /* RiskPoint.m in Sources */ = {isa = PBXBuildFile; fileRef = 55377F601CC15C2400A2C08E /* RiskPoint.m */; };
		55377FE91CC15C2400A2C08E /* RiskWorld.data in Resources */ = {isa = PBXBuildFile; fileRef = 55377F611CC15C2400A2C08E /* RiskWorld.data */; };
		55377FEA1CC15C2400A2C08E /* RiskWorld.m in Sources */ = {isa = PBXBuildFile; fileRef = 55377F631CC15C2400A2C08E /* RiskWorld.m */; };
		55377FEB1CC15C2400A2C08E /* SNRandom.m in Sources */ = {isa = PBXBuildFile; fileRef = 55377F651CC15C2400A2C08E /* SNRandom.m */; };
		55377FEC1CC15C2400A2C08E /* SNUserPath.m in Sources */ = {isa = PBXBuildFile; fileRef = 55377F671CC15C2400A2C08E /* SNUserPath.m */; };
		55377FED1CC15C2400A2C08E /* SNUserPathOperation.m in Sources */ = {isa = PBXBuildFile; fileRef = 55377F691CC15C2400A2C08E /* SNUserPathOperation.m */; };
		55377FEE1CC15C2400A2C08E /* SNUserPathWraps.psw in Resources */ = {isa = PBXBuildFile; fileRef = 55377F6A1CC15C2400A2C08E /* SNUserPathWraps.psw */; };
		55377FEF1CC15C2400A2C08E /* Soldier.tiff in Resources */ = {isa = PBXBuildFile; fileRef = 55377F6C1CC15C2400A2C08E /* Soldier.tiff */; };
		55377FF01CC15C2400A2C08E /* StatusView.m in Sources */ = {isa = PBXBuildFile; fileRef = 55377F6E1CC15C2400A2C08E /* StatusView.m */; };
		55377FF11CC15C2400A2C08E /* WorldInfoController.m in Sources */ = {isa = PBXBuildFile; fileRef = 55377F711CC15C2400A2C08E /* WorldInfoController.m */; };
		55377FF41CC15DD700A2C08E /* Help in Resources */ = {isa = PBXBuildFile; fileRef = 55377FF31CC15DD700A2C08E /* Help */; };
		553780021CC15E1700A2C08E /* Assets.xcassets in Resources */ = {isa = PBXBuildFile; fileRef = 553780011CC15E1700A2C08E /* Assets.xcassets */; };
		5537801F1CC15E6A00A2C08E /* CardData.txt in Resources */ = {isa = PBXBuildFile; fileRef = 5537800A1CC15E6A00A2C08E /* CardData.txt */; };
		553780201CC15E6A00A2C08E /* ContinentData.txt in Resources */ = {isa = PBXBuildFile; fileRef = 5537800B1CC15E6A00A2C08E /* ContinentData.txt */; };
		553780211CC15E6A00A2C08E /* CountryData.txt in Resources */ = {isa = PBXBuildFile; fileRef = 5537800C1CC15E6A00A2C08E /* CountryData.txt */; };
		553780221CC15E6A00A2C08E /* CountryNeighbors.txt in Resources */ = {isa = PBXBuildFile; fileRef = 5537800D1CC15E6A00A2C08E /* CountryNeighbors.txt */; };
		553780231CC15E6A00A2C08E /* CountryShapeGenerator.m in Sources */ = {isa = PBXBuildFile; fileRef = 5537800F1CC15E6A00A2C08E /* CountryShapeGenerator.m */; };
		553780241CC15E6A00A2C08E /* RiskUtil.nib in Resources */ = {isa = PBXBuildFile; fileRef = 553780111CC15E6A00A2C08E /* RiskUtil.nib */; };
		553780261CC15E6A00A2C08E /* Original.nib in Resources */ = {isa = PBXBuildFile; fileRef = 553780151CC15E6A00A2C08E /* Original.nib */; };
		553780291CC15E6A00A2C08E /* RiskNeighborView.m in Sources */ = {isa = PBXBuildFile; fileRef = 5537801C1CC15E6A00A2C08E /* RiskNeighborView.m */; };
		5537802A1CC15E6A00A2C08E /* RiskUtility.m in Sources */ = {isa = PBXBuildFile; fileRef = 5537801E1CC15E6A00A2C08E /* RiskUtility.m */; };
		5537802B1CC161E500A2C08E /* Afghanistan.tiff in Resources */ = {isa = PBXBuildFile; fileRef = 55377ECC1CC15C2300A2C08E /* Afghanistan.tiff */; };
		5537802C1CC161E500A2C08E /* Alaska.tiff in Resources */ = {isa = PBXBuildFile; fileRef = 55377ECD1CC15C2300A2C08E /* Alaska.tiff */; };
		5537802D1CC161E500A2C08E /* Alberta.tiff in Resources */ = {isa = PBXBuildFile; fileRef = 55377ECE1CC15C2300A2C08E /* Alberta.tiff */; };
		5537802E1CC161E500A2C08E /* Argentina.tiff in Resources */ = {isa = PBXBuildFile; fileRef = 55377ECF1CC15C2300A2C08E /* Argentina.tiff */; };
		5537802F1CC161E500A2C08E /* Brazil.tiff in Resources */ = {isa = PBXBuildFile; fileRef = 55377ED01CC15C2300A2C08E /* Brazil.tiff */; };
		553780301CC161E500A2C08E /* CentralAmerica.tiff in Resources */ = {isa = PBXBuildFile; fileRef = 55377ED11CC15C2300A2C08E /* CentralAmerica.tiff */; };
		553780311CC161E500A2C08E /* China.tiff in Resources */ = {isa = PBXBuildFile; fileRef = 55377ED21CC15C2300A2C08E /* China.tiff */; };
		553780321CC161E500A2C08E /* Congo.tiff in Resources */ = {isa = PBXBuildFile; fileRef = 55377ED31CC15C2300A2C08E /* Congo.tiff */; };
		553780331CC161E500A2C08E /* EastAfrica.tiff in Resources */ = {isa = PBXBuildFile; fileRef = 55377ED41CC15C2300A2C08E /* EastAfrica.tiff */; };
		553780341CC161E500A2C08E /* EasternAustralia.tiff in Resources */ = {isa = PBXBuildFile; fileRef = 55377ED51CC15C2300A2C08E /* EasternAustralia.tiff */; };
		553780351CC161E500A2C08E /* EasternUS.tiff in Resources */ = {isa = PBXBuildFile; fileRef = 55377ED61CC15C2300A2C08E /* EasternUS.tiff */; };
		553780361CC161E500A2C08E /* Egypt.tiff in Resources */ = {isa = PBXBuildFile; fileRef = 55377ED71CC15C2300A2C08E /* Egypt.tiff */; };
		553780371CC161E500A2C08E /* GreatBritain.tiff in Resources */ = {isa = PBXBuildFile; fileRef = 55377ED81CC15C2300A2C08E /* GreatBritain.tiff */; };
		553780381CC161E500A2C08E /* Greenland.tiff in Resources */ = {isa = PBXBuildFile; fileRef = 55377ED91CC15C2300A2C08E /* Greenland.tiff */; };
		553780391CC161E500A2C08E /* Iceland.tiff in Resources */ = {isa = PBXBuildFile; fileRef = 55377EDB1CC15C2300A2C08E /* Iceland.tiff */; };
		5537803A1CC161E500A2C08E /* India.tiff in Resources */ = {isa = PBXBuildFile; fileRef = 55377EDC1CC15C2300A2C08E /* India.tiff */; };
		5537803B1CC161E500A2C08E /* Indonesia.tiff in Resources */ = {isa = PBXBuildFile; fileRef = 55377EDD1CC15C2300A2C08E /* Indonesia.tiff */; };
		5537803C1CC161E500A2C08E /* Irkutsk.tiff in Resources */ = {isa = PBXBuildFile; fileRef = 55377EDE1CC15C2300A2C08E /* Irkutsk.tiff */; };
		5537803D1CC161E500A2C08E /* Japan.tiff in Resources */ = {isa = PBXBuildFile; fileRef = 55377EDF1CC15C2300A2C08E /* Japan.tiff */; };
		5537803E1CC161E500A2C08E /* Joker1.tiff in Resources */ = {isa = PBXBuildFile; fileRef = 55377EE01CC15C2300A2C08E /* Joker1.tiff */; };
		5537803F1CC161E500A2C08E /* Joker2.tiff in Resources */ = {isa = PBXBuildFile; fileRef = 55377EE11CC15C2300A2C08E /* Joker2.tiff */; };
		553780401CC161E500A2C08E /* Kamchatka.tiff in Resources */ = {isa = PBXBuildFile; fileRef = 55377EE21CC15C2300A2C08E /* Kamchatka.tiff */; };
		553780411CC161E500A2C08E /* Madagascar.tiff in Resources */ = {isa = PBXBuildFile; fileRef = 55377EE41CC15C2300A2C08E /* Madagascar.tiff */; };
		553780421CC161E500A2C08E /* MiddleEast.tiff in Resources */ = {isa = PBXBuildFile; fileRef = 55377EE81CC15C2300A2C08E /* MiddleEast.tiff */; };
		553780431CC161E500A2C08E /* Mongolia.tiff in Resources */ = {isa = PBXBuildFile; fileRef = 55377EE91CC15C2300A2C08E /* Mongolia.tiff */; };
		553780441CC161E500A2C08E /* NewGuinea.tiff in Resources */ = {isa = PBXBuildFile; fileRef = 55377EEA1CC15C2300A2C08E /* NewGuinea.tiff */; };
		553780451CC161E500A2C08E /* NorthAfrica.tiff in Resources */ = {isa = PBXBuildFile; fileRef = 55377EEB1CC15C2300A2C08E /* NorthAfrica.tiff */; };
		553780461CC161E500A2C08E /* NorthernEurope.tiff in Resources */ = {isa = PBXBuildFile; fileRef = 55377EEC1CC15C2300A2C08E /* NorthernEurope.tiff */; };
		553780471CC161E500A2C08E /* NorthwestTerritory.tiff in Resources */ = {isa = PBXBuildFile; fileRef = 55377EED1CC15C2300A2C08E /* NorthwestTerritory.tiff */; };
		553780481CC161E500A2C08E /* Ontario.tiff in Resources */ = {isa = PBXBuildFile; fileRef = 55377EEE1CC15C2300A2C08E /* Ontario.tiff */; };
		553780491CC161E500A2C08E /* Peru.tiff in Resources */ = {isa = PBXBuildFile; fileRef = 55377EF01CC15C2300A2C08E /* Peru.tiff */; };
		5537804A1CC161E500A2C08E /* Quebec.tiff in Resources */ = {isa = PBXBuildFile; fileRef = 55377EF11CC15C2300A2C08E /* Quebec.tiff */; };
		5537804B1CC161E500A2C08E /* Scandinavia.tiff in Resources */ = {isa = PBXBuildFile; fileRef = 55377EF21CC15C2300A2C08E /* Scandinavia.tiff */; };
		5537804C1CC161E500A2C08E /* Siam.tiff in Resources */ = {isa = PBXBuildFile; fileRef = 55377EF31CC15C2300A2C08E /* Siam.tiff */; };
		5537804D1CC161E500A2C08E /* Siberia.tiff in Resources */ = {isa = PBXBuildFile; fileRef = 55377EF41CC15C2300A2C08E /* Siberia.tiff */; };
		5537804E1CC161E500A2C08E /* SouthAfrica.tiff in Resources */ = {isa = PBXBuildFile; fileRef = 55377EF51CC15C2300A2C08E /* SouthAfrica.tiff */; };
		5537804F1CC161E500A2C08E /* SouthernEurope.tiff in Resources */ = {isa = PBXBuildFile; fileRef = 55377EF61CC15C2300A2C08E /* SouthernEurope.tiff */; };
		553780501CC161E500A2C08E /* Ukraine.tiff in Resources */ = {isa = PBXBuildFile; fileRef = 55377EF71CC15C2300A2C08E /* Ukraine.tiff */; };
		553780511CC161E500A2C08E /* Ural.tiff in Resources */ = {isa = PBXBuildFile; fileRef = 55377EF81CC15C2300A2C08E /* Ural.tiff */; };
		553780521CC161E500A2C08E /* Venezuela.tiff in Resources */ = {isa = PBXBuildFile; fileRef = 55377EF91CC15C2300A2C08E /* Venezuela.tiff */; };
		553780531CC161E500A2C08E /* WesternAustralia.tiff in Resources */ = {isa = PBXBuildFile; fileRef = 55377EFA1CC15C2300A2C08E /* WesternAustralia.tiff */; };
		553780541CC161E500A2C08E /* WesternEurope.tiff in Resources */ = {isa = PBXBuildFile; fileRef = 55377EFB1CC15C2300A2C08E /* WesternEurope.tiff */; };
		553780551CC161E500A2C08E /* WesternUS.tiff in Resources */ = {isa = PBXBuildFile; fileRef = 55377EFC1CC15C2300A2C08E /* WesternUS.tiff */; };
		553780561CC161E500A2C08E /* Yakutsk.tiff in Resources */ = {isa = PBXBuildFile; fileRef = 55377EFD1CC15C2300A2C08E /* Yakutsk.tiff */; };
		553780571CC161F800A2C08E /* BoardBacking.tiff in Resources */ = {isa = PBXBuildFile; fileRef = 55377EC51CC15C2300A2C08E /* BoardBacking.tiff */; };
		553780581CC1620B00A2C08E /* BoardSetup.m in Sources */ = {isa = PBXBuildFile; fileRef = 55377EC71CC15C2300A2C08E /* BoardSetup.m */; };
		553780591CC1624B00A2C08E /* CardBack.tiff in Resources */ = {isa = PBXBuildFile; fileRef = 55377ECA1CC15C2300A2C08E /* CardBack.tiff */; };
		5537805A1CC1625600A2C08E /* Continent.m in Sources */ = {isa = PBXBuildFile; fileRef = 55377F041CC15C2300A2C08E /* Continent.m */; };
		5537805B1CC1626400A2C08E /* Country.m in Sources */ = {isa = PBXBuildFile; fileRef = 55377F061CC15C2300A2C08E /* Country.m */; };
		5537805C1CC1626D00A2C08E /* CountryShape.m in Sources */ = {isa = PBXBuildFile; fileRef = 55377F081CC15C2300A2C08E /* CountryShape.m */; };
		5537805D1CC1628200A2C08E /* NSObjectExtensions.m in Sources */ = {isa = PBXBuildFile; fileRef = 55377F4F1CC15C2300A2C08E /* NSObjectExtensions.m */; };
		5537805E1CC1629600A2C08E /* Risk.m in Sources */ = {isa = PBXBuildFile; fileRef = 55377F541CC15C2300A2C08E /* Risk.m */; };
		5537805F1CC1629A00A2C08E /* RiskCard.m in Sources */ = {isa = PBXBuildFile; fileRef = 55377F561CC15C2400A2C08E /* RiskCard.m */; };
		553780601CC162A800A2C08E /* RiskMapView.m in Sources */ = {isa = PBXBuildFile; fileRef = 55377F5A1CC15C2400A2C08E /* RiskMapView.m */; };
		553780611CC162B400A2C08E /* RiskNeighbor.m in Sources */ = {isa = PBXBuildFile; fileRef = 55377F5C1CC15C2400A2C08E /* RiskNeighbor.m */; };
		553780621CC162C500A2C08E /* RiskPoint.m in Sources */ = {isa = PBXBuildFile; fileRef = 55377F601CC15C2400A2C08E /* RiskPoint.m */; };
		553780631CC162D600A2C08E /* RiskWorld.m in Sources */ = {isa = PBXBuildFile; fileRef = 55377F631CC15C2400A2C08E /* RiskWorld.m */; };
		553780641CC162E400A2C08E /* SNUserPath.m in Sources */ = {isa = PBXBuildFile; fileRef = 55377F671CC15C2400A2C08E /* SNUserPath.m */; };
		553780651CC162F400A2C08E /* SNUserPathOperation.m in Sources */ = {isa = PBXBuildFile; fileRef = 55377F691CC15C2400A2C08E /* SNUserPathOperation.m */; };
		553780661CC1631900A2C08E /* SNUserPathWraps.psw in Resources */ = {isa = PBXBuildFile; fileRef = 55377F6A1CC15C2400A2C08E /* SNUserPathWraps.psw */; };
		5537807B1CC1640600A2C08E /* Aimless.m in Sources */ = {isa = PBXBuildFile; fileRef = 553780721CC1640600A2C08E /* Aimless.m */; };
		5537807C1CC1640600A2C08E /* Aimless.rtf in Resources */ = {isa = PBXBuildFile; fileRef = 553780731CC1640600A2C08E /* Aimless.rtf */; };
		5537807D1CC1640600A2C08E /* Aimless.tiff in Resources */ = {isa = PBXBuildFile; fileRef = 553780741CC1640600A2C08E /* Aimless.tiff */; };
		5537807E1CC1640600A2C08E /* DNode.m in Sources */ = {isa = PBXBuildFile; fileRef = 553780761CC1640600A2C08E /* DNode.m */; };
		5537807F1CC1640600A2C08E /* PathFinder.m in Sources */ = {isa = PBXBuildFile; fileRef = 553780781CC1640600A2C08E /* PathFinder.m */; };
		553780801CC1640600A2C08E /* SNHeap.m in Sources */ = {isa = PBXBuildFile; fileRef = 5537807A1CC1640600A2C08E /* SNHeap.m */; };
		553780951CC1655300A2C08E /* Chaotic.m in Sources */ = {isa = PBXBuildFile; fileRef = 553780921CC1655300A2C08E /* Chaotic.m */; };
		553780961CC1655300A2C08E /* Chaotic.rtf in Resources */ = {isa = PBXBuildFile; fileRef = 553780931CC1655300A2C08E /* Chaotic.rtf */; };
		553780971CC1655300A2C08E /* Chaotic.tiff in Resources */ = {isa = PBXBuildFile; fileRef = 553780941CC1655300A2C08E /* Chaotic.tiff */; };
/* End PBXBuildFile section */

/* Begin PBXFileReference section */
		55377EA91CC15AC900A2C08E /* Risk.app */ = {isa = PBXFileReference; explicitFileType = wrapper.application; includeInIndex = 0; path = Risk.app; sourceTree = BUILT_PRODUCTS_DIR; };
		55377EB21CC15AC900A2C08E /* Assets.xcassets */ = {isa = PBXFileReference; lastKnownFileType = folder.assetcatalog; path = Assets.xcassets; sourceTree = "<group>"; };
		55377EB71CC15AC900A2C08E /* Info.plist */ = {isa = PBXFileReference; lastKnownFileType = text.plist.xml; path = Info.plist; sourceTree = "<group>"; };
		55377EBD1CC15C2300A2C08E /* 5Soldiers.tiff */ = {isa = PBXFileReference; lastKnownFileType = image.tiff; path = 5Soldiers.tiff; sourceTree = "<group>"; };
		55377EBE1CC15C2300A2C08E /* 10Soldiers.tiff */ = {isa = PBXFileReference; lastKnownFileType = image.tiff; path = 10Soldiers.tiff; sourceTree = "<group>"; };
		55377EBF1CC15C2300A2C08E /* AppIcon.tiff */ = {isa = PBXFileReference; lastKnownFileType = image.tiff; path = AppIcon.tiff; sourceTree = "<group>"; };
		55377EC01CC15C2300A2C08E /* AppIcon2.tiff */ = {isa = PBXFileReference; lastKnownFileType = image.tiff; path = AppIcon2.tiff; sourceTree = "<group>"; };
		55377EC11CC15C2300A2C08E /* ArmyPlacementValidator.h */ = {isa = PBXFileReference; fileEncoding = 4; lastKnownFileType = sourcecode.c.h; path = ArmyPlacementValidator.h; sourceTree = "<group>"; };
		55377EC21CC15C2300A2C08E /* ArmyPlacementValidator.m */ = {isa = PBXFileReference; fileEncoding = 4; lastKnownFileType = sourcecode.c.objc; path = ArmyPlacementValidator.m; sourceTree = "<group>"; };
		55377EC31CC15C2300A2C08E /* ArmyView.h */ = {isa = PBXFileReference; fileEncoding = 4; lastKnownFileType = sourcecode.c.h; path = ArmyView.h; sourceTree = "<group>"; };
		55377EC41CC15C2300A2C08E /* ArmyView.m */ = {isa = PBXFileReference; fileEncoding = 4; lastKnownFileType = sourcecode.c.objc; path = ArmyView.m; sourceTree = "<group>"; };
		55377EC51CC15C2300A2C08E /* BoardBacking.tiff */ = {isa = PBXFileReference; lastKnownFileType = image.tiff; path = BoardBacking.tiff; sourceTree = "<group>"; };
		55377EC61CC15C2300A2C08E /* BoardSetup.h */ = {isa = PBXFileReference; fileEncoding = 4; lastKnownFileType = sourcecode.c.h; path = BoardSetup.h; sourceTree = "<group>"; };
		55377EC71CC15C2300A2C08E /* BoardSetup.m */ = {isa = PBXFileReference; fileEncoding = 4; lastKnownFileType = sourcecode.c.objc; path = BoardSetup.m; sourceTree = "<group>"; };
		55377EC81CC15C2300A2C08E /* Brain.h */ = {isa = PBXFileReference; fileEncoding = 4; lastKnownFileType = sourcecode.c.h; path = Brain.h; sourceTree = "<group>"; };
		55377EC91CC15C2300A2C08E /* Brain.m */ = {isa = PBXFileReference; fileEncoding = 4; lastKnownFileType = sourcecode.c.objc; path = Brain.m; sourceTree = "<group>"; };
		55377ECA1CC15C2300A2C08E /* CardBack.tiff */ = {isa = PBXFileReference; lastKnownFileType = image.tiff; path = CardBack.tiff; sourceTree = "<group>"; };
		55377ECC1CC15C2300A2C08E /* Afghanistan.tiff */ = {isa = PBXFileReference; lastKnownFileType = image.tiff; path = Afghanistan.tiff; sourceTree = "<group>"; };
		55377ECD1CC15C2300A2C08E /* Alaska.tiff */ = {isa = PBXFileReference; lastKnownFileType = image.tiff; path = Alaska.tiff; sourceTree = "<group>"; };
		55377ECE1CC15C2300A2C08E /* Alberta.tiff */ = {isa = PBXFileReference; lastKnownFileType = image.tiff; path = Alberta.tiff; sourceTree = "<group>"; };
		55377ECF1CC15C2300A2C08E /* Argentina.tiff */ = {isa = PBXFileReference; lastKnownFileType = image.tiff; path = Argentina.tiff; sourceTree = "<group>"; };
		55377ED01CC15C2300A2C08E /* Brazil.tiff */ = {isa = PBXFileReference; lastKnownFileType = image.tiff; path = Brazil.tiff; sourceTree = "<group>"; };
		55377ED11CC15C2300A2C08E /* CentralAmerica.tiff */ = {isa = PBXFileReference; lastKnownFileType = image.tiff; path = CentralAmerica.tiff; sourceTree = "<group>"; };
		55377ED21CC15C2300A2C08E /* China.tiff */ = {isa = PBXFileReference; lastKnownFileType = image.tiff; path = China.tiff; sourceTree = "<group>"; };
		55377ED31CC15C2300A2C08E /* Congo.tiff */ = {isa = PBXFileReference; lastKnownFileType = image.tiff; path = Congo.tiff; sourceTree = "<group>"; };
		55377ED41CC15C2300A2C08E /* EastAfrica.tiff */ = {isa = PBXFileReference; lastKnownFileType = image.tiff; path = EastAfrica.tiff; sourceTree = "<group>"; };
		55377ED51CC15C2300A2C08E /* EasternAustralia.tiff */ = {isa = PBXFileReference; lastKnownFileType = image.tiff; path = EasternAustralia.tiff; sourceTree = "<group>"; };
		55377ED61CC15C2300A2C08E /* EasternUS.tiff */ = {isa = PBXFileReference; lastKnownFileType = image.tiff; path = EasternUS.tiff; sourceTree = "<group>"; };
		55377ED71CC15C2300A2C08E /* Egypt.tiff */ = {isa = PBXFileReference; lastKnownFileType = image.tiff; path = Egypt.tiff; sourceTree = "<group>"; };
		55377ED81CC15C2300A2C08E /* GreatBritain.tiff */ = {isa = PBXFileReference; lastKnownFileType = image.tiff; path = GreatBritain.tiff; sourceTree = "<group>"; };
		55377ED91CC15C2300A2C08E /* Greenland.tiff */ = {isa = PBXFileReference; lastKnownFileType = image.tiff; path = Greenland.tiff; sourceTree = "<group>"; };
		55377EDB1CC15C2300A2C08E /* Iceland.tiff */ = {isa = PBXFileReference; lastKnownFileType = image.tiff; path = Iceland.tiff; sourceTree = "<group>"; };
		55377EDC1CC15C2300A2C08E /* India.tiff */ = {isa = PBXFileReference; lastKnownFileType = image.tiff; path = India.tiff; sourceTree = "<group>"; };
		55377EDD1CC15C2300A2C08E /* Indonesia.tiff */ = {isa = PBXFileReference; lastKnownFileType = image.tiff; path = Indonesia.tiff; sourceTree = "<group>"; };
		55377EDE1CC15C2300A2C08E /* Irkutsk.tiff */ = {isa = PBXFileReference; lastKnownFileType = image.tiff; path = Irkutsk.tiff; sourceTree = "<group>"; };
		55377EDF1CC15C2300A2C08E /* Japan.tiff */ = {isa = PBXFileReference; lastKnownFileType = image.tiff; path = Japan.tiff; sourceTree = "<group>"; };
		55377EE01CC15C2300A2C08E /* Joker1.tiff */ = {isa = PBXFileReference; lastKnownFileType = image.tiff; path = Joker1.tiff; sourceTree = "<group>"; };
		55377EE11CC15C2300A2C08E /* Joker2.tiff */ = {isa = PBXFileReference; lastKnownFileType = image.tiff; path = Joker2.tiff; sourceTree = "<group>"; };
		55377EE21CC15C2300A2C08E /* Kamchatka.tiff */ = {isa = PBXFileReference; lastKnownFileType = image.tiff; path = Kamchatka.tiff; sourceTree = "<group>"; };
		55377EE41CC15C2300A2C08E /* Madagascar.tiff */ = {isa = PBXFileReference; lastKnownFileType = image.tiff; path = Madagascar.tiff; sourceTree = "<group>"; };
		55377EE81CC15C2300A2C08E /* MiddleEast.tiff */ = {isa = PBXFileReference; lastKnownFileType = image.tiff; path = MiddleEast.tiff; sourceTree = "<group>"; };
		55377EE91CC15C2300A2C08E /* Mongolia.tiff */ = {isa = PBXFileReference; lastKnownFileType = image.tiff; path = Mongolia.tiff; sourceTree = "<group>"; };
		55377EEA1CC15C2300A2C08E /* NewGuinea.tiff */ = {isa = PBXFileReference; lastKnownFileType = image.tiff; path = NewGuinea.tiff; sourceTree = "<group>"; };
		55377EEB1CC15C2300A2C08E /* NorthAfrica.tiff */ = {isa = PBXFileReference; lastKnownFileType = image.tiff; path = NorthAfrica.tiff; sourceTree = "<group>"; };
		55377EEC1CC15C2300A2C08E /* NorthernEurope.tiff */ = {isa = PBXFileReference; lastKnownFileType = image.tiff; path = NorthernEurope.tiff; sourceTree = "<group>"; };
		55377EED1CC15C2300A2C08E /* NorthwestTerritory.tiff */ = {isa = PBXFileReference; lastKnownFileType = image.tiff; path = NorthwestTerritory.tiff; sourceTree = "<group>"; };
		55377EEE1CC15C2300A2C08E /* Ontario.tiff */ = {isa = PBXFileReference; lastKnownFileType = image.tiff; path = Ontario.tiff; sourceTree = "<group>"; };
		55377EF01CC15C2300A2C08E /* Peru.tiff */ = {isa = PBXFileReference; lastKnownFileType = image.tiff; path = Peru.tiff; sourceTree = "<group>"; };
		55377EF11CC15C2300A2C08E /* Quebec.tiff */ = {isa = PBXFileReference; lastKnownFileType = image.tiff; path = Quebec.tiff; sourceTree = "<group>"; };
		55377EF21CC15C2300A2C08E /* Scandinavia.tiff */ = {isa = PBXFileReference; lastKnownFileType = image.tiff; path = Scandinavia.tiff; sourceTree = "<group>"; };
		55377EF31CC15C2300A2C08E /* Siam.tiff */ = {isa = PBXFileReference; lastKnownFileType = image.tiff; path = Siam.tiff; sourceTree = "<group>"; };
		55377EF41CC15C2300A2C08E /* Siberia.tiff */ = {isa = PBXFileReference; lastKnownFileType = image.tiff; path = Siberia.tiff; sourceTree = "<group>"; };
		55377EF51CC15C2300A2C08E /* SouthAfrica.tiff */ = {isa = PBXFileReference; lastKnownFileType = image.tiff; path = SouthAfrica.tiff; sourceTree = "<group>"; };
		55377EF61CC15C2300A2C08E /* SouthernEurope.tiff */ = {isa = PBXFileReference; lastKnownFileType = image.tiff; path = SouthernEurope.tiff; sourceTree = "<group>"; };
		55377EF71CC15C2300A2C08E /* Ukraine.tiff */ = {isa = PBXFileReference; lastKnownFileType = image.tiff; path = Ukraine.tiff; sourceTree = "<group>"; };
		55377EF81CC15C2300A2C08E /* Ural.tiff */ = {isa = PBXFileReference; lastKnownFileType = image.tiff; path = Ural.tiff; sourceTree = "<group>"; };
		55377EF91CC15C2300A2C08E /* Venezuela.tiff */ = {isa = PBXFileReference; lastKnownFileType = image.tiff; path = Venezuela.tiff; sourceTree = "<group>"; };
		55377EFA1CC15C2300A2C08E /* WesternAustralia.tiff */ = {isa = PBXFileReference; lastKnownFileType = image.tiff; path = WesternAustralia.tiff; sourceTree = "<group>"; };
		55377EFB1CC15C2300A2C08E /* WesternEurope.tiff */ = {isa = PBXFileReference; lastKnownFileType = image.tiff; path = WesternEurope.tiff; sourceTree = "<group>"; };
		55377EFC1CC15C2300A2C08E /* WesternUS.tiff */ = {isa = PBXFileReference; lastKnownFileType = image.tiff; path = WesternUS.tiff; sourceTree = "<group>"; };
		55377EFD1CC15C2300A2C08E /* Yakutsk.tiff */ = {isa = PBXFileReference; lastKnownFileType = image.tiff; path = Yakutsk.tiff; sourceTree = "<group>"; };
		55377EFE1CC15C2300A2C08E /* CardPanelController.h */ = {isa = PBXFileReference; fileEncoding = 4; lastKnownFileType = sourcecode.c.h; path = CardPanelController.h; sourceTree = "<group>"; };
		55377EFF1CC15C2300A2C08E /* CardPanelController.m */ = {isa = PBXFileReference; fileEncoding = 4; lastKnownFileType = sourcecode.c.objc; path = CardPanelController.m; sourceTree = "<group>"; };
		55377F001CC15C2300A2C08E /* CardSet.h */ = {isa = PBXFileReference; fileEncoding = 4; lastKnownFileType = sourcecode.c.h; path = CardSet.h; sourceTree = "<group>"; };
		55377F011CC15C2300A2C08E /* CardSet.m */ = {isa = PBXFileReference; fileEncoding = 4; lastKnownFileType = sourcecode.c.objc; path = CardSet.m; sourceTree = "<group>"; };
		55377F021CC15C2300A2C08E /* Computer.tiff */ = {isa = PBXFileReference; lastKnownFileType = image.tiff; path = Computer.tiff; sourceTree = "<group>"; };
		55377F031CC15C2300A2C08E /* Continent.h */ = {isa = PBXFileReference; fileEncoding = 4; lastKnownFileType = sourcecode.c.h; path = Continent.h; sourceTree = "<group>"; };
		55377F041CC15C2300A2C08E /* Continent.m */ = {isa = PBXFileReference; fileEncoding = 4; lastKnownFileType = sourcecode.c.objc; path = Continent.m; sourceTree = "<group>"; };
		55377F051CC15C2300A2C08E /* Country.h */ = {isa = PBXFileReference; fileEncoding = 4; lastKnownFileType = sourcecode.c.h; path = Country.h; sourceTree = "<group>"; };
		55377F061CC15C2300A2C08E /* Country.m */ = {isa = PBXFileReference; fileEncoding = 4; lastKnownFileType = sourcecode.c.objc; path = Country.m; sourceTree = "<group>"; };
		55377F071CC15C2300A2C08E /* CountryShape.h */ = {isa = PBXFileReference; fileEncoding = 4; lastKnownFileType = sourcecode.c.h; path = CountryShape.h; sourceTree = "<group>"; };
		55377F081CC15C2300A2C08E /* CountryShape.m */ = {isa = PBXFileReference; fileEncoding = 4; lastKnownFileType = sourcecode.c.objc; path = CountryShape.m; sourceTree = "<group>"; };
		55377F091CC15C2300A2C08E /* CPIcon.tiff */ = {isa = PBXFileReference; lastKnownFileType = image.tiff; path = CPIcon.tiff; sourceTree = "<group>"; };
		55377F0A1CC15C2300A2C08E /* DiceInspector.h */ = {isa = PBXFileReference; fileEncoding = 4; lastKnownFileType = sourcecode.c.h; path = DiceInspector.h; sourceTree = "<group>"; };
		55377F0B1CC15C2300A2C08E /* DiceInspector.m */ = {isa = PBXFileReference; fileEncoding = 4; lastKnownFileType = sourcecode.c.objc; path = DiceInspector.m; sourceTree = "<group>"; };
		55377F0C1CC15C2300A2C08E /* Die1.tiff */ = {isa = PBXFileReference; lastKnownFileType = image.tiff; path = Die1.tiff; sourceTree = "<group>"; };
		55377F0D1CC15C2300A2C08E /* Die2.tiff */ = {isa = PBXFileReference; lastKnownFileType = image.tiff; path = Die2.tiff; sourceTree = "<group>"; };
		55377F0E1CC15C2300A2C08E /* Die3.tiff */ = {isa = PBXFileReference; lastKnownFileType = image.tiff; path = Die3.tiff; sourceTree = "<group>"; };
		55377F0F1CC15C2300A2C08E /* Die4.tiff */ = {isa = PBXFileReference; lastKnownFileType = image.tiff; path = Die4.tiff; sourceTree = "<group>"; };
		55377F101CC15C2300A2C08E /* Die5.tiff */ = {isa = PBXFileReference; lastKnownFileType = image.tiff; path = Die5.tiff; sourceTree = "<group>"; };
		55377F111CC15C2300A2C08E /* Die6.tiff */ = {isa = PBXFileReference; lastKnownFileType = image.tiff; path = Die6.tiff; sourceTree = "<group>"; };
		55377F141CC15C2300A2C08E /* English */ = {isa = PBXFileReference; lastKnownFileType = wrapper.nib; name = English; path = CardPanel.nib; sourceTree = "<group>"; };
		55377F181CC15C2300A2C08E /* English */ = {isa = PBXFileReference; lastKnownFileType = wrapper.nib; name = English; path = DiceInspector.nib; sourceTree = "<group>"; };
		55377F1C1CC15C2300A2C08E /* English */ = {isa = PBXFileReference; lastKnownFileType = wrapper.nib; name = English; path = GameBoard.nib; sourceTree = "<group>"; };
		55377F201CC15C2300A2C08E /* English */ = {isa = PBXFileReference; lastKnownFileType = wrapper.nib; name = English; path = InfoPanel.nib; sourceTree = "<group>"; };
		55377F241CC15C2300A2C08E /* English */ = {isa = PBXFileReference; lastKnownFileType = wrapper.nib; name = English; path = NewGamePanel.nib; sourceTree = "<group>"; };
		55377F281CC15C2300A2C08E /* English */ = {isa = PBXFileReference; lastKnownFileType = wrapper.nib; name = English; path = Risk.nib; sourceTree = "<group>"; };
		55377F2C1CC15C2300A2C08E /* English */ = {isa = PBXFileReference; lastKnownFileType = wrapper.nib; name = English; path = PlayerConsole.nib; sourceTree = "<group>"; };
		55377F301CC15C2300A2C08E /* English */ = {isa = PBXFileReference; lastKnownFileType = wrapper.nib; name = English; path = PreferencePanel.nib; sourceTree = "<group>"; };
		55377F361CC15C2300A2C08E /* English */ = {isa = PBXFileReference; lastKnownFileType = wrapper.nib; name = English; path = WorldInfoPanel.nib; sourceTree = "<group>"; };
		55377F391CC15C2300A2C08E /* GameConfiguration.h */ = {isa = PBXFileReference; fileEncoding = 4; lastKnownFileType = sourcecode.c.h; path = GameConfiguration.h; sourceTree = "<group>"; };
		55377F3A1CC15C2300A2C08E /* GameConfiguration.m */ = {isa = PBXFileReference; fileEncoding = 4; lastKnownFileType = sourcecode.c.objc; path = GameConfiguration.m; sourceTree = "<group>"; };
		55377F421CC15C2300A2C08E /* Human.h */ = {isa = PBXFileReference; fileEncoding = 4; lastKnownFileType = sourcecode.c.h; path = Human.h; sourceTree = "<group>"; };
		55377F431CC15C2300A2C08E /* Human.m */ = {isa = PBXFileReference; fileEncoding = 4; lastKnownFileType = sourcecode.c.objc; path = Human.m; sourceTree = "<group>"; };
		55377F441CC15C2300A2C08E /* Human.rtf */ = {isa = PBXFileReference; fileEncoding = 4; lastKnownFileType = text.rtf; path = Human.rtf; sourceTree = "<group>"; };
		55377F451CC15C2300A2C08E /* Human.tiff */ = {isa = PBXFileReference; lastKnownFileType = image.tiff; path = Human.tiff; sourceTree = "<group>"; };
		55377F461CC15C2300A2C08E /* LineView.h */ = {isa = PBXFileReference; fileEncoding = 4; lastKnownFileType = sourcecode.c.h; path = LineView.h; sourceTree = "<group>"; };
		55377F471CC15C2300A2C08E /* LineView.m */ = {isa = PBXFileReference; fileEncoding = 4; lastKnownFileType = sourcecode.c.objc; path = LineView.m; sourceTree = "<group>"; };
		55377F481CC15C2300A2C08E /* LittleCardBack.tiff */ = {isa = PBXFileReference; lastKnownFileType = image.tiff; path = LittleCardBack.tiff; sourceTree = "<group>"; };
		55377F491CC15C2300A2C08E /* LittleStar.tiff */ = {isa = PBXFileReference; lastKnownFileType = image.tiff; path = LittleStar.tiff; sourceTree = "<group>"; };
		55377F4A1CC15C2300A2C08E /* MiniWorldInfo.tiff */ = {isa = PBXFileReference; lastKnownFileType = image.tiff; path = MiniWorldInfo.tiff; sourceTree = "<group>"; };
		55377F4B1CC15C2300A2C08E /* NewGameController.h */ = {isa = PBXFileReference; fileEncoding = 4; lastKnownFileType = sourcecode.c.h; path = NewGameController.h; sourceTree = "<group>"; };
		55377F4C1CC15C2300A2C08E /* NewGameController.m */ = {isa = PBXFileReference; fileEncoding = 4; lastKnownFileType = sourcecode.c.objc; path = NewGameController.m; sourceTree = "<group>"; };
		55377F4D1CC15C2300A2C08E /* NotPlaying.rtf */ = {isa = PBXFileReference; fileEncoding = 4; lastKnownFileType = text.rtf; path = NotPlaying.rtf; sourceTree = "<group>"; };
		55377F4E1CC15C2300A2C08E /* NSObjectExtensions.h */ = {isa = PBXFileReference; fileEncoding = 4; lastKnownFileType = sourcecode.c.h; path = NSObjectExtensions.h; sourceTree = "<group>"; };
		55377F4F1CC15C2300A2C08E /* NSObjectExtensions.m */ = {isa = PBXFileReference; fileEncoding = 4; lastKnownFileType = sourcecode.c.objc; path = NSObjectExtensions.m; sourceTree = "<group>"; };
		55377F501CC15C2300A2C08E /* PreferenceController.h */ = {isa = PBXFileReference; fileEncoding = 4; lastKnownFileType = sourcecode.c.h; path = PreferenceController.h; sourceTree = "<group>"; };
		55377F511CC15C2300A2C08E /* PreferenceController.m */ = {isa = PBXFileReference; fileEncoding = 4; lastKnownFileType = sourcecode.c.objc; path = PreferenceController.m; sourceTree = "<group>"; };
		55377F521CC15C2300A2C08E /* Risk_main.m */ = {isa = PBXFileReference; fileEncoding = 4; lastKnownFileType = sourcecode.c.objc; path = Risk_main.m; sourceTree = "<group>"; };
		55377F531CC15C2300A2C08E /* Risk.h */ = {isa = PBXFileReference; fileEncoding = 4; lastKnownFileType = sourcecode.c.h; path = Risk.h; sourceTree = "<group>"; };
		55377F541CC15C2300A2C08E /* Risk.m */ = {isa = PBXFileReference; fileEncoding = 4; lastKnownFileType = sourcecode.c.objc; path = Risk.m; sourceTree = "<group>"; };
		55377F551CC15C2400A2C08E /* RiskCard.h */ = {isa = PBXFileReference; fileEncoding = 4; lastKnownFileType = sourcecode.c.h; path = RiskCard.h; sourceTree = "<group>"; };
		55377F561CC15C2400A2C08E /* RiskCard.m */ = {isa = PBXFileReference; fileEncoding = 4; lastKnownFileType = sourcecode.c.objc; path = RiskCard.m; sourceTree = "<group>"; };
		55377F571CC15C2400A2C08E /* RiskGameManager.h */ = {isa = PBXFileReference; fileEncoding = 4; lastKnownFileType = sourcecode.c.h; path = RiskGameManager.h; sourceTree = "<group>"; };
		55377F581CC15C2400A2C08E /* RiskGameManager.m */ = {isa = PBXFileReference; fileEncoding = 4; lastKnownFileType = sourcecode.c.objc; path = RiskGameManager.m; sourceTree = "<group>"; };
		55377F591CC15C2400A2C08E /* RiskMapView.h */ = {isa = PBXFileReference; fileEncoding = 4; lastKnownFileType = sourcecode.c.h; path = RiskMapView.h; sourceTree = "<group>"; };
		55377F5A1CC15C2400A2C08E /* RiskMapView.m */ = {isa = PBXFileReference; fileEncoding = 4; lastKnownFileType = sourcecode.c.objc; path = RiskMapView.m; sourceTree = "<group>"; };
		55377F5B1CC15C2400A2C08E /* RiskNeighbor.h */ = {isa = PBXFileReference; fileEncoding = 4; lastKnownFileType = sourcecode.c.h; path = RiskNeighbor.h; sourceTree = "<group>"; };
		55377F5C1CC15C2400A2C08E /* RiskNeighbor.m */ = {isa = PBXFileReference; fileEncoding = 4; lastKnownFileType = sourcecode.c.objc; path = RiskNeighbor.m; sourceTree = "<group>"; };
		55377F5D1CC15C2400A2C08E /* RiskPlayer.h */ = {isa = PBXFileReference; fileEncoding = 4; lastKnownFileType = sourcecode.c.h; path = RiskPlayer.h; sourceTree = "<group>"; };
		55377F5E1CC15C2400A2C08E /* RiskPlayer.m */ = {isa = PBXFileReference; fileEncoding = 4; lastKnownFileType = sourcecode.c.objc; path = RiskPlayer.m; sourceTree = "<group>"; };
		55377F5F1CC15C2400A2C08E /* RiskPoint.h */ = {isa = PBXFileReference; fileEncoding = 4; lastKnownFileType = sourcecode.c.h; path = RiskPoint.h; sourceTree = "<group>"; };
		55377F601CC15C2400A2C08E /* RiskPoint.m */ = {isa = PBXFileReference; fileEncoding = 4; lastKnownFileType = sourcecode.c.objc; path = RiskPoint.m; sourceTree = "<group>"; };
		55377F611CC15C2400A2C08E /* RiskWorld.data */ = {isa = PBXFileReference; lastKnownFileType = file; path = RiskWorld.data; sourceTree = "<group>"; };
		55377F621CC15C2400A2C08E /* RiskWorld.h */ = {isa = PBXFileReference; fileEncoding = 4; lastKnownFileType = sourcecode.c.h; path = RiskWorld.h; sourceTree = "<group>"; };
		55377F631CC15C2400A2C08E /* RiskWorld.m */ = {isa = PBXFileReference; fileEncoding = 4; lastKnownFileType = sourcecode.c.objc; path = RiskWorld.m; sourceTree = "<group>"; };
		55377F641CC15C2400A2C08E /* SNRandom.h */ = {isa = PBXFileReference; fileEncoding = 4; lastKnownFileType = sourcecode.c.h; path = SNRandom.h; sourceTree = "<group>"; };
		55377F651CC15C2400A2C08E /* SNRandom.m */ = {isa = PBXFileReference; fileEncoding = 4; lastKnownFileType = sourcecode.c.objc; path = SNRandom.m; sourceTree = "<group>"; };
		55377F661CC15C2400A2C08E /* SNUserPath.h */ = {isa = PBXFileReference; fileEncoding = 4; lastKnownFileType = sourcecode.c.h; path = SNUserPath.h; sourceTree = "<group>"; };
		55377F671CC15C2400A2C08E /* SNUserPath.m */ = {isa = PBXFileReference; fileEncoding = 4; lastKnownFileType = sourcecode.c.objc; path = SNUserPath.m; sourceTree = "<group>"; };
		55377F681CC15C2400A2C08E /* SNUserPathOperation.h */ = {isa = PBXFileReference; fileEncoding = 4; lastKnownFileType = sourcecode.c.h; path = SNUserPathOperation.h; sourceTree = "<group>"; };
		55377F691CC15C2400A2C08E /* SNUserPathOperation.m */ = {isa = PBXFileReference; fileEncoding = 4; lastKnownFileType = sourcecode.c.objc; path = SNUserPathOperation.m; sourceTree = "<group>"; };
		55377F6A1CC15C2400A2C08E /* SNUserPathWraps.psw */ = {isa = PBXFileReference; fileEncoding = 4; lastKnownFileType = text; path = SNUserPathWraps.psw; sourceTree = "<group>"; };
		55377F6B1CC15C2400A2C08E /* SNUtility.h */ = {isa = PBXFileReference; fileEncoding = 4; lastKnownFileType = sourcecode.c.h; path = SNUtility.h; sourceTree = "<group>"; };
		55377F6C1CC15C2400A2C08E /* Soldier.tiff */ = {isa = PBXFileReference; lastKnownFileType = image.tiff; path = Soldier.tiff; sourceTree = "<group>"; };
		55377F6D1CC15C2400A2C08E /* StatusView.h */ = {isa = PBXFileReference; fileEncoding = 4; lastKnownFileType = sourcecode.c.h; path = StatusView.h; sourceTree = "<group>"; };
		55377F6E1CC15C2400A2C08E /* StatusView.m */ = {isa = PBXFileReference; fileEncoding = 4; lastKnownFileType = sourcecode.c.objc; path = StatusView.m; sourceTree = "<group>"; };
		55377F6F1CC15C2400A2C08E /* Version.h */ = {isa = PBXFileReference; fileEncoding = 4; lastKnownFileType = sourcecode.c.h; path = Version.h; sourceTree = "<group>"; };
		55377F701CC15C2400A2C08E /* WorldInfoController.h */ = {isa = PBXFileReference; fileEncoding = 4; lastKnownFileType = sourcecode.c.h; path = WorldInfoController.h; sourceTree = "<group>"; };
		55377F711CC15C2400A2C08E /* WorldInfoController.m */ = {isa = PBXFileReference; fileEncoding = 4; lastKnownFileType = sourcecode.c.objc; path = WorldInfoController.m; sourceTree = "<group>"; };
		55377FF31CC15DD700A2C08E /* Help */ = {isa = PBXFileReference; lastKnownFileType = folder; path = Help; sourceTree = "<group>"; };
		55377FF91CC15E1700A2C08E /* RiskUtil.app */ = {isa = PBXFileReference; explicitFileType = wrapper.application; includeInIndex = 0; path = RiskUtil.app; sourceTree = BUILT_PRODUCTS_DIR; };
		553780011CC15E1700A2C08E /* Assets.xcassets */ = {isa = PBXFileReference; lastKnownFileType = folder.assetcatalog; path = Assets.xcassets; sourceTree = "<group>"; };
		553780061CC15E1700A2C08E /* Info.plist */ = {isa = PBXFileReference; lastKnownFileType = text.plist.xml; path = Info.plist; sourceTree = "<group>"; };
		5537800A1CC15E6A00A2C08E /* CardData.txt */ = {isa = PBXFileReference; fileEncoding = 4; lastKnownFileType = text; path = CardData.txt; sourceTree = "<group>"; };
		5537800B1CC15E6A00A2C08E /* ContinentData.txt */ = {isa = PBXFileReference; fileEncoding = 4; lastKnownFileType = text; path = ContinentData.txt; sourceTree = "<group>"; };
		5537800C1CC15E6A00A2C08E /* CountryData.txt */ = {isa = PBXFileReference; fileEncoding = 4; lastKnownFileType = text; path = CountryData.txt; sourceTree = "<group>"; };
		5537800D1CC15E6A00A2C08E /* CountryNeighbors.txt */ = {isa = PBXFileReference; fileEncoding = 4; lastKnownFileType = text; path = CountryNeighbors.txt; sourceTree = "<group>"; };
		5537800E1CC15E6A00A2C08E /* CountryShapeGenerator.h */ = {isa = PBXFileReference; fileEncoding = 4; lastKnownFileType = sourcecode.c.h; path = CountryShapeGenerator.h; sourceTree = "<group>"; };
		5537800F1CC15E6A00A2C08E /* CountryShapeGenerator.m */ = {isa = PBXFileReference; fileEncoding = 4; lastKnownFileType = sourcecode.c.objc; path = CountryShapeGenerator.m; sourceTree = "<group>"; };
		553780121CC15E6A00A2C08E /* English */ = {isa = PBXFileReference; lastKnownFileType = wrapper.nib; name = English; path = RiskUtil.nib; sourceTree = "<group>"; };
		553780161CC15E6A00A2C08E /* English */ = {isa = PBXFileReference; lastKnownFileType = wrapper.nib; name = English; path = Original.nib; sourceTree = "<group>"; };
		5537801B1CC15E6A00A2C08E /* RiskNeighborView.h */ = {isa = PBXFileReference; fileEncoding = 4; lastKnownFileType = sourcecode.c.h; path = RiskNeighborView.h; sourceTree = "<group>"; };
		5537801C1CC15E6A00A2C08E /* RiskNeighborView.m */ = {isa = PBXFileReference; fileEncoding = 4; lastKnownFileType = sourcecode.c.objc; path = RiskNeighborView.m; sourceTree = "<group>"; };
		5537801D1CC15E6A00A2C08E /* RiskUtility.h */ = {isa = PBXFileReference; fileEncoding = 4; lastKnownFileType = sourcecode.c.h; path = RiskUtility.h; sourceTree = "<group>"; };
		5537801E1CC15E6A00A2C08E /* RiskUtility.m */ = {isa = PBXFileReference; fileEncoding = 4; lastKnownFileType = sourcecode.c.objc; path = RiskUtility.m; sourceTree = "<group>"; };
		5537806B1CC1639C00A2C08E /* Aimless.riskplayer */ = {isa = PBXFileReference; explicitFileType = wrapper.cfbundle; includeInIndex = 0; path = Aimless.riskplayer; sourceTree = BUILT_PRODUCTS_DIR; };
		5537806D1CC1639C00A2C08E /* Info.plist */ = {isa = PBXFileReference; lastKnownFileType = text.plist.xml; path = Info.plist; sourceTree = "<group>"; };
		553780711CC1640600A2C08E /* Aimless.h */ = {isa = PBXFileReference; fileEncoding = 4; lastKnownFileType = sourcecode.c.h; path = Aimless.h; sourceTree = "<group>"; };
		553780721CC1640600A2C08E /* Aimless.m */ = {isa = PBXFileReference; fileEncoding = 4; lastKnownFileType = sourcecode.c.objc; path = Aimless.m; sourceTree = "<group>"; };
		553780731CC1640600A2C08E /* Aimless.rtf */ = {isa = PBXFileReference; fileEncoding = 4; lastKnownFileType = text.rtf; path = Aimless.rtf; sourceTree = "<group>"; };
		553780741CC1640600A2C08E /* Aimless.tiff */ = {isa = PBXFileReference; lastKnownFileType = image.tiff; path = Aimless.tiff; sourceTree = "<group>"; };
		553780751CC1640600A2C08E /* DNode.h */ = {isa = PBXFileReference; fileEncoding = 4; lastKnownFileType = sourcecode.c.h; path = DNode.h; sourceTree = "<group>"; };
		553780761CC1640600A2C08E /* DNode.m */ = {isa = PBXFileReference; fileEncoding = 4; lastKnownFileType = sourcecode.c.objc; path = DNode.m; sourceTree = "<group>"; };
		553780771CC1640600A2C08E /* PathFinder.h */ = {isa = PBXFileReference; fileEncoding = 4; lastKnownFileType = sourcecode.c.h; path = PathFinder.h; sourceTree = "<group>"; };
		553780781CC1640600A2C08E /* PathFinder.m */ = {isa = PBXFileReference; fileEncoding = 4; lastKnownFileType = sourcecode.c.objc; path = PathFinder.m; sourceTree = "<group>"; };
		553780791CC1640600A2C08E /* SNHeap.h */ = {isa = PBXFileReference; fileEncoding = 4; lastKnownFileType = sourcecode.c.h; path = SNHeap.h; sourceTree = "<group>"; };
		5537807A1CC1640600A2C08E /* SNHeap.m */ = {isa = PBXFileReference; fileEncoding = 4; lastKnownFileType = sourcecode.c.objc; path = SNHeap.m; sourceTree = "<group>"; };
		5537808E1CC1642900A2C08E /* Chaotic.riskplayer */ = {isa = PBXFileReference; explicitFileType = wrapper.cfbundle; includeInIndex = 0; path = Chaotic.riskplayer; sourceTree = BUILT_PRODUCTS_DIR; };
		5537808F1CC1642900A2C08E /* Info.plist */ = {isa = PBXFileReference; lastKnownFileType = text.plist.xml; name = Info.plist; path = Risk/Chaotic.bproj/Info.plist; sourceTree = SOURCE_ROOT; };
		553780911CC1655300A2C08E /* Chaotic.h */ = {isa = PBXFileReference; fileEncoding = 4; lastKnownFileType = sourcecode.c.h; path = Chaotic.h; sourceTree = "<group>"; };
		553780921CC1655300A2C08E /* Chaotic.m */ = {isa = PBXFileReference; fileEncoding = 4; lastKnownFileType = sourcecode.c.objc; path = Chaotic.m; sourceTree = "<group>"; };
		553780931CC1655300A2C08E /* Chaotic.rtf */ = {isa = PBXFileReference; fileEncoding = 4; lastKnownFileType = text.rtf; path = Chaotic.rtf; sourceTree = "<group>"; };
		553780941CC1655300A2C08E /* Chaotic.tiff */ = {isa = PBXFileReference; lastKnownFileType = image.tiff; path = Chaotic.tiff; sourceTree = "<group>"; };
/* End PBXFileReference section */

/* Begin PBXFrameworksBuildPhase section */
		55377EA61CC15AC900A2C08E /* Frameworks */ = {
			isa = PBXFrameworksBuildPhase;
			buildActionMask = 2147483647;
			files = (
			);
			runOnlyForDeploymentPostprocessing = 0;
		};
		55377FF61CC15E1700A2C08E /* Frameworks */ = {
			isa = PBXFrameworksBuildPhase;
			buildActionMask = 2147483647;
			files = (
			);
			runOnlyForDeploymentPostprocessing = 0;
		};
		553780681CC1639C00A2C08E /* Frameworks */ = {
			isa = PBXFrameworksBuildPhase;
			buildActionMask = 2147483647;
			files = (
			);
			runOnlyForDeploymentPostprocessing = 0;
		};
		553780871CC1642900A2C08E /* Frameworks */ = {
			isa = PBXFrameworksBuildPhase;
			buildActionMask = 2147483647;
			files = (
			);
			runOnlyForDeploymentPostprocessing = 0;
		};
/* End PBXFrameworksBuildPhase section */

/* Begin PBXGroup section */
		55377EA01CC15AC900A2C08E = {
			isa = PBXGroup;
			children = (
				55377EAB1CC15AC900A2C08E /* Risk */,
				55377FFA1CC15E1700A2C08E /* RiskUtil */,
				5537806C1CC1639C00A2C08E /* Aimless */,
				553780901CC1645000A2C08E /* Chaotic */,
				55377EAA1CC15AC900A2C08E /* Products */,
			);
			sourceTree = "<group>";
		};
		55377EAA1CC15AC900A2C08E /* Products */ = {
			isa = PBXGroup;
			children = (
				55377EA91CC15AC900A2C08E /* Risk.app */,
				55377FF91CC15E1700A2C08E /* RiskUtil.app */,
				5537806B1CC1639C00A2C08E /* Aimless.riskplayer */,
				5537808E1CC1642900A2C08E /* Chaotic.riskplayer */,
			);
			name = Products;
			sourceTree = "<group>";
		};
		55377EAB1CC15AC900A2C08E /* Risk */ = {
			isa = PBXGroup;
			children = (
				55377FF21CC15D8500A2C08E /* Resources */,
				55377EC11CC15C2300A2C08E /* ArmyPlacementValidator.h */,
				55377EC21CC15C2300A2C08E /* ArmyPlacementValidator.m */,
				55377EC31CC15C2300A2C08E /* ArmyView.h */,
				55377EC41CC15C2300A2C08E /* ArmyView.m */,
				55377EC61CC15C2300A2C08E /* BoardSetup.h */,
				55377EC71CC15C2300A2C08E /* BoardSetup.m */,
				55377EC81CC15C2300A2C08E /* Brain.h */,
				55377EC91CC15C2300A2C08E /* Brain.m */,
				55377EFE1CC15C2300A2C08E /* CardPanelController.h */,
				55377EFF1CC15C2300A2C08E /* CardPanelController.m */,
				55377F001CC15C2300A2C08E /* CardSet.h */,
				55377F011CC15C2300A2C08E /* CardSet.m */,
				55377F031CC15C2300A2C08E /* Continent.h */,
				55377F041CC15C2300A2C08E /* Continent.m */,
				55377F051CC15C2300A2C08E /* Country.h */,
				55377F061CC15C2300A2C08E /* Country.m */,
				55377F071CC15C2300A2C08E /* CountryShape.h */,
				55377F081CC15C2300A2C08E /* CountryShape.m */,
				55377F0A1CC15C2300A2C08E /* DiceInspector.h */,
				55377F0B1CC15C2300A2C08E /* DiceInspector.m */,
				55377F391CC15C2300A2C08E /* GameConfiguration.h */,
				55377F3A1CC15C2300A2C08E /* GameConfiguration.m */,
				55377F421CC15C2300A2C08E /* Human.h */,
				55377F431CC15C2300A2C08E /* Human.m */,
				55377F461CC15C2300A2C08E /* LineView.h */,
				55377F471CC15C2300A2C08E /* LineView.m */,
				55377F4B1CC15C2300A2C08E /* NewGameController.h */,
				55377F4C1CC15C2300A2C08E /* NewGameController.m */,
				55377F4E1CC15C2300A2C08E /* NSObjectExtensions.h */,
				55377F4F1CC15C2300A2C08E /* NSObjectExtensions.m */,
				55377F501CC15C2300A2C08E /* PreferenceController.h */,
				55377F511CC15C2300A2C08E /* PreferenceController.m */,
				55377F521CC15C2300A2C08E /* Risk_main.m */,
				55377F531CC15C2300A2C08E /* Risk.h */,
				55377F541CC15C2300A2C08E /* Risk.m */,
				55377F551CC15C2400A2C08E /* RiskCard.h */,
				55377F561CC15C2400A2C08E /* RiskCard.m */,
				55377F571CC15C2400A2C08E /* RiskGameManager.h */,
				55377F581CC15C2400A2C08E /* RiskGameManager.m */,
				55377F591CC15C2400A2C08E /* RiskMapView.h */,
				55377F5A1CC15C2400A2C08E /* RiskMapView.m */,
				55377F5B1CC15C2400A2C08E /* RiskNeighbor.h */,
				55377F5C1CC15C2400A2C08E /* RiskNeighbor.m */,
				55377F5D1CC15C2400A2C08E /* RiskPlayer.h */,
				55377F5E1CC15C2400A2C08E /* RiskPlayer.m */,
				55377F5F1CC15C2400A2C08E /* RiskPoint.h */,
				55377F601CC15C2400A2C08E /* RiskPoint.m */,
				55377F621CC15C2400A2C08E /* RiskWorld.h */,
				55377F631CC15C2400A2C08E /* RiskWorld.m */,
				55377F641CC15C2400A2C08E /* SNRandom.h */,
				55377F651CC15C2400A2C08E /* SNRandom.m */,
				55377F661CC15C2400A2C08E /* SNUserPath.h */,
				55377F671CC15C2400A2C08E /* SNUserPath.m */,
				55377F681CC15C2400A2C08E /* SNUserPathOperation.h */,
				55377F691CC15C2400A2C08E /* SNUserPathOperation.m */,
				55377F6A1CC15C2400A2C08E /* SNUserPathWraps.psw */,
				55377F6B1CC15C2400A2C08E /* SNUtility.h */,
				55377F6D1CC15C2400A2C08E /* StatusView.h */,
				55377F6E1CC15C2400A2C08E /* StatusView.m */,
				55377F6F1CC15C2400A2C08E /* Version.h */,
				55377F701CC15C2400A2C08E /* WorldInfoController.h */,
				55377F711CC15C2400A2C08E /* WorldInfoController.m */,
			);
			path = Risk;
			sourceTree = "<group>";
		};
		55377ECB1CC15C2300A2C08E /* Card Images */ = {
			isa = PBXGroup;
			children = (
				55377ECC1CC15C2300A2C08E /* Afghanistan.tiff */,
				55377ECD1CC15C2300A2C08E /* Alaska.tiff */,
				55377ECE1CC15C2300A2C08E /* Alberta.tiff */,
				55377ECF1CC15C2300A2C08E /* Argentina.tiff */,
				55377ED01CC15C2300A2C08E /* Brazil.tiff */,
				55377ED11CC15C2300A2C08E /* CentralAmerica.tiff */,
				55377ED21CC15C2300A2C08E /* China.tiff */,
				55377ED31CC15C2300A2C08E /* Congo.tiff */,
				55377ED41CC15C2300A2C08E /* EastAfrica.tiff */,
				55377ED51CC15C2300A2C08E /* EasternAustralia.tiff */,
				55377ED61CC15C2300A2C08E /* EasternUS.tiff */,
				55377ED71CC15C2300A2C08E /* Egypt.tiff */,
				55377ED81CC15C2300A2C08E /* GreatBritain.tiff */,
				55377ED91CC15C2300A2C08E /* Greenland.tiff */,
				55377EDB1CC15C2300A2C08E /* Iceland.tiff */,
				55377EDC1CC15C2300A2C08E /* India.tiff */,
				55377EDD1CC15C2300A2C08E /* Indonesia.tiff */,
				55377EDE1CC15C2300A2C08E /* Irkutsk.tiff */,
				55377EDF1CC15C2300A2C08E /* Japan.tiff */,
				55377EE01CC15C2300A2C08E /* Joker1.tiff */,
				55377EE11CC15C2300A2C08E /* Joker2.tiff */,
				55377EE21CC15C2300A2C08E /* Kamchatka.tiff */,
				55377EE41CC15C2300A2C08E /* Madagascar.tiff */,
				55377EE81CC15C2300A2C08E /* MiddleEast.tiff */,
				55377EE91CC15C2300A2C08E /* Mongolia.tiff */,
				55377EEA1CC15C2300A2C08E /* NewGuinea.tiff */,
				55377EEB1CC15C2300A2C08E /* NorthAfrica.tiff */,
				55377EEC1CC15C2300A2C08E /* NorthernEurope.tiff */,
				55377EED1CC15C2300A2C08E /* NorthwestTerritory.tiff */,
				55377EEE1CC15C2300A2C08E /* Ontario.tiff */,
				55377EF01CC15C2300A2C08E /* Peru.tiff */,
				55377EF11CC15C2300A2C08E /* Quebec.tiff */,
				55377EF21CC15C2300A2C08E /* Scandinavia.tiff */,
				55377EF31CC15C2300A2C08E /* Siam.tiff */,
				55377EF41CC15C2300A2C08E /* Siberia.tiff */,
				55377EF51CC15C2300A2C08E /* SouthAfrica.tiff */,
				55377EF61CC15C2300A2C08E /* SouthernEurope.tiff */,
				55377EF71CC15C2300A2C08E /* Ukraine.tiff */,
				55377EF81CC15C2300A2C08E /* Ural.tiff */,
				55377EF91CC15C2300A2C08E /* Venezuela.tiff */,
				55377EFA1CC15C2300A2C08E /* WesternAustralia.tiff */,
				55377EFB1CC15C2300A2C08E /* WesternEurope.tiff */,
				55377EFC1CC15C2300A2C08E /* WesternUS.tiff */,
				55377EFD1CC15C2300A2C08E /* Yakutsk.tiff */,
			);
			name = "Card Images";
			path = CardImages.subproj;
			sourceTree = "<group>";
		};
		55377FF21CC15D8500A2C08E /* Resources */ = {
			isa = PBXGroup;
			children = (
				55377ECB1CC15C2300A2C08E /* Card Images */,
				55377ECA1CC15C2300A2C08E /* CardBack.tiff */,
				55377F091CC15C2300A2C08E /* CPIcon.tiff */,
				55377EBD1CC15C2300A2C08E /* 5Soldiers.tiff */,
				55377EBE1CC15C2300A2C08E /* 10Soldiers.tiff */,
				55377EBF1CC15C2300A2C08E /* AppIcon.tiff */,
				55377EC01CC15C2300A2C08E /* AppIcon2.tiff */,
				55377EC51CC15C2300A2C08E /* BoardBacking.tiff */,
				55377F021CC15C2300A2C08E /* Computer.tiff */,
				55377F0C1CC15C2300A2C08E /* Die1.tiff */,
				55377F0D1CC15C2300A2C08E /* Die2.tiff */,
				55377F0E1CC15C2300A2C08E /* Die3.tiff */,
				55377F0F1CC15C2300A2C08E /* Die4.tiff */,
				55377F101CC15C2300A2C08E /* Die5.tiff */,
				55377F111CC15C2300A2C08E /* Die6.tiff */,
				55377F131CC15C2300A2C08E /* CardPanel.nib */,
				55377F171CC15C2300A2C08E /* DiceInspector.nib */,
				55377F1B1CC15C2300A2C08E /* GameBoard.nib */,
				55377F1F1CC15C2300A2C08E /* InfoPanel.nib */,
				55377F231CC15C2300A2C08E /* NewGamePanel.nib */,
				55377F271CC15C2300A2C08E /* Risk.nib */,
				55377F2B1CC15C2300A2C08E /* PlayerConsole.nib */,
				55377F2F1CC15C2300A2C08E /* PreferencePanel.nib */,
				55377F351CC15C2300A2C08E /* WorldInfoPanel.nib */,
				55377F611CC15C2400A2C08E /* RiskWorld.data */,
				55377F6C1CC15C2400A2C08E /* Soldier.tiff */,
				55377EB21CC15AC900A2C08E /* Assets.xcassets */,
				55377F451CC15C2300A2C08E /* Human.tiff */,
				55377F481CC15C2300A2C08E /* LittleCardBack.tiff */,
				55377F491CC15C2300A2C08E /* LittleStar.tiff */,
				55377F4A1CC15C2300A2C08E /* MiniWorldInfo.tiff */,
				55377F4D1CC15C2300A2C08E /* NotPlaying.rtf */,
				55377FF31CC15DD700A2C08E /* Help */,
				55377F441CC15C2300A2C08E /* Human.rtf */,
				55377EB71CC15AC900A2C08E /* Info.plist */,
			);
			name = Resources;
			sourceTree = "<group>";
		};
		55377FFA1CC15E1700A2C08E /* RiskUtil */ = {
			isa = PBXGroup;
			children = (
				5537800A1CC15E6A00A2C08E /* CardData.txt */,
				5537800B1CC15E6A00A2C08E /* ContinentData.txt */,
				5537800C1CC15E6A00A2C08E /* CountryData.txt */,
				5537800D1CC15E6A00A2C08E /* CountryNeighbors.txt */,
				5537800E1CC15E6A00A2C08E /* CountryShapeGenerator.h */,
				5537800F1CC15E6A00A2C08E /* CountryShapeGenerator.m */,
				553780101CC15E6A00A2C08E /* English.lproj */,
				5537801B1CC15E6A00A2C08E /* RiskNeighborView.h */,
				5537801C1CC15E6A00A2C08E /* RiskNeighborView.m */,
				5537801D1CC15E6A00A2C08E /* RiskUtility.h */,
				5537801E1CC15E6A00A2C08E /* RiskUtility.m */,
				553780011CC15E1700A2C08E /* Assets.xcassets */,
				553780061CC15E1700A2C08E /* Info.plist */,
			);
			path = RiskUtil;
			sourceTree = "<group>";
		};
		553780101CC15E6A00A2C08E /* English.lproj */ = {
			isa = PBXGroup;
			children = (
				553780111CC15E6A00A2C08E /* RiskUtil.nib */,
				553780151CC15E6A00A2C08E /* Original.nib */,
			);
			path = English.lproj;
			sourceTree = "<group>";
		};
		5537806C1CC1639C00A2C08E /* Aimless */ = {
			isa = PBXGroup;
			children = (
				553780711CC1640600A2C08E /* Aimless.h */,
				553780721CC1640600A2C08E /* Aimless.m */,
				553780731CC1640600A2C08E /* Aimless.rtf */,
				553780741CC1640600A2C08E /* Aimless.tiff */,
				553780751CC1640600A2C08E /* DNode.h */,
				553780761CC1640600A2C08E /* DNode.m */,
				553780771CC1640600A2C08E /* PathFinder.h */,
				553780781CC1640600A2C08E /* PathFinder.m */,
				553780791CC1640600A2C08E /* SNHeap.h */,
				5537807A1CC1640600A2C08E /* SNHeap.m */,
				5537806D1CC1639C00A2C08E /* Info.plist */,
			);
			name = Aimless;
			path = Risk/Aimless.bproj;
			sourceTree = "<group>";
		};
		553780901CC1645000A2C08E /* Chaotic */ = {
			isa = PBXGroup;
			children = (
				553780911CC1655300A2C08E /* Chaotic.h */,
				553780921CC1655300A2C08E /* Chaotic.m */,
				553780931CC1655300A2C08E /* Chaotic.rtf */,
				553780941CC1655300A2C08E /* Chaotic.tiff */,
				5537808F1CC1642900A2C08E /* Info.plist */,
			);
			name = Chaotic;
			path = Risk/Chaotic.bproj;
			sourceTree = "<group>";
		};
/* End PBXGroup section */

/* Begin PBXNativeTarget section */
		55377EA81CC15AC900A2C08E /* Risk */ = {
			isa = PBXNativeTarget;
			buildConfigurationList = 55377EBA1CC15AC900A2C08E /* Build configuration list for PBXNativeTarget "Risk" */;
			buildPhases = (
				55377EA51CC15AC900A2C08E /* Sources */,
				55377EA61CC15AC900A2C08E /* Frameworks */,
				55377EA71CC15AC900A2C08E /* Resources */,
			);
			buildRules = (
			);
			dependencies = (
			);
			name = Risk;
			productName = Risk;
			productReference = 55377EA91CC15AC900A2C08E /* Risk.app */;
			productType = "com.apple.product-type.application";
		};
		55377FF81CC15E1700A2C08E /* RiskUtil */ = {
			isa = PBXNativeTarget;
			buildConfigurationList = 553780071CC15E1700A2C08E /* Build configuration list for PBXNativeTarget "RiskUtil" */;
			buildPhases = (
				55377FF51CC15E1700A2C08E /* Sources */,
				55377FF61CC15E1700A2C08E /* Frameworks */,
				55377FF71CC15E1700A2C08E /* Resources */,
			);
			buildRules = (
			);
			dependencies = (
			);
			name = RiskUtil;
			productName = RiskUtil;
			productReference = 55377FF91CC15E1700A2C08E /* RiskUtil.app */;
			productType = "com.apple.product-type.application";
		};
		5537806A1CC1639C00A2C08E /* Aimless */ = {
			isa = PBXNativeTarget;
			buildConfigurationList = 5537806E1CC1639C00A2C08E /* Build configuration list for PBXNativeTarget "Aimless" */;
			buildPhases = (
				553780671CC1639C00A2C08E /* Sources */,
				553780681CC1639C00A2C08E /* Frameworks */,
				553780691CC1639C00A2C08E /* Resources */,
			);
			buildRules = (
			);
			dependencies = (
			);
			name = Aimless;
			productName = Aimless;
			productReference = 5537806B1CC1639C00A2C08E /* Aimless.riskplayer */;
			productType = "com.apple.product-type.bundle";
		};
		553780811CC1642900A2C08E /* Chaotic */ = {
			isa = PBXNativeTarget;
			buildConfigurationList = 5537808B1CC1642900A2C08E /* Build configuration list for PBXNativeTarget "Chaotic" */;
			buildPhases = (
				553780821CC1642900A2C08E /* Sources */,
				553780871CC1642900A2C08E /* Frameworks */,
				553780881CC1642900A2C08E /* Resources */,
			);
			buildRules = (
			);
			dependencies = (
			);
			name = Chaotic;
			productName = Aimless;
			productReference = 5537808E1CC1642900A2C08E /* Chaotic.riskplayer */;
			productType = "com.apple.product-type.bundle";
		};
/* End PBXNativeTarget section */

/* Begin PBXProject section */
		55377EA11CC15AC900A2C08E /* Project object */ = {
			isa = PBXProject;
			attributes = {
				LastUpgradeCheck = 0730;
				ORGANIZATIONNAME = "C.W. Betts";
				TargetAttributes = {
					55377EA81CC15AC900A2C08E = {
						CreatedOnToolsVersion = 7.3;
					};
					55377FF81CC15E1700A2C08E = {
						CreatedOnToolsVersion = 7.3;
					};
					5537806A1CC1639C00A2C08E = {
						CreatedOnToolsVersion = 7.3;
					};
				};
			};
			buildConfigurationList = 55377EA41CC15AC900A2C08E /* Build configuration list for PBXProject "Risk" */;
			compatibilityVersion = "Xcode 3.2";
			developmentRegion = English;
			hasScannedForEncodings = 0;
			knownRegions = (
				en,
				Base,
				English,
			);
			mainGroup = 55377EA01CC15AC900A2C08E;
			productRefGroup = 55377EAA1CC15AC900A2C08E /* Products */;
			projectDirPath = "";
			projectRoot = "";
			targets = (
				55377EA81CC15AC900A2C08E /* Risk */,
				55377FF81CC15E1700A2C08E /* RiskUtil */,
				5537806A1CC1639C00A2C08E /* Aimless */,
				553780811CC1642900A2C08E /* Chaotic */,
			);
		};
/* End PBXProject section */

/* Begin PBXResourcesBuildPhase section */
		55377EA71CC15AC900A2C08E /* Resources */ = {
			isa = PBXResourcesBuildPhase;
			buildActionMask = 2147483647;
			files = (
				55377FA71CC15C2400A2C08E /* Ukraine.tiff in Resources */,
				55377FA81CC15C2400A2C08E /* Ural.tiff in Resources */,
				55377EB31CC15AC900A2C08E /* Assets.xcassets in Resources */,
				55377F7B1CC15C2400A2C08E /* CardBack.tiff in Resources */,
				55377F921CC15C2400A2C08E /* Kamchatka.tiff in Resources */,
				55377FBA1CC15C2400A2C08E /* Die5.tiff in Resources */,
				55377FD71CC15C2400A2C08E /* Human.rtf in Resources */,
				55377FA41CC15C2400A2C08E /* Siberia.tiff in Resources */,
				55377F8D1CC15C2400A2C08E /* Indonesia.tiff in Resources */,
				55377F851CC15C2400A2C08E /* EasternAustralia.tiff in Resources */,
				55377FB61CC15C2400A2C08E /* Die1.tiff in Resources */,
				55377FA61CC15C2400A2C08E /* SouthernEurope.tiff in Resources */,
				55377FC21CC15C2400A2C08E /* InfoPanel.nib in Resources */,
				55377F871CC15C2400A2C08E /* Egypt.tiff in Resources */,
				55377F801CC15C2400A2C08E /* Brazil.tiff in Resources */,
				55377FDB1CC15C2400A2C08E /* LittleStar.tiff in Resources */,
				55377F741CC15C2400A2C08E /* AppIcon.tiff in Resources */,
				55377FEF1CC15C2400A2C08E /* Soldier.tiff in Resources */,
				55377FA21CC15C2400A2C08E /* Scandinavia.tiff in Resources */,
				55377FCD1CC15C2400A2C08E /* WorldInfoPanel.nib in Resources */,
				55377FAD1CC15C2400A2C08E /* Yakutsk.tiff in Resources */,
				55377F861CC15C2400A2C08E /* EasternUS.tiff in Resources */,
				55377F9C1CC15C2400A2C08E /* NorthernEurope.tiff in Resources */,
				55377F9E1CC15C2400A2C08E /* Ontario.tiff in Resources */,
				55377FBE1CC15C2400A2C08E /* DiceInspector.nib in Resources */,
				55377F7C1CC15C2400A2C08E /* Afghanistan.tiff in Resources */,
				55377FA51CC15C2400A2C08E /* SouthAfrica.tiff in Resources */,
				55377FC01CC15C2400A2C08E /* GameBoard.nib in Resources */,
				55377F941CC15C2400A2C08E /* Madagascar.tiff in Resources */,
				55377F8B1CC15C2400A2C08E /* Iceland.tiff in Resources */,
				55377F7F1CC15C2400A2C08E /* Argentina.tiff in Resources */,
				55377FC61CC15C2400A2C08E /* Risk.nib in Resources */,
				55377F7E1CC15C2400A2C08E /* Alberta.tiff in Resources */,
				55377F8F1CC15C2400A2C08E /* Japan.tiff in Resources */,
				55377F721CC15C2400A2C08E /* 5Soldiers.tiff in Resources */,
				55377F8E1CC15C2400A2C08E /* Irkutsk.tiff in Resources */,
				55377FA91CC15C2400A2C08E /* Venezuela.tiff in Resources */,
				55377FAB1CC15C2400A2C08E /* WesternEurope.tiff in Resources */,
				55377FC41CC15C2400A2C08E /* NewGamePanel.nib in Resources */,
				55377FB71CC15C2400A2C08E /* Die2.tiff in Resources */,
				55377F7D1CC15C2400A2C08E /* Alaska.tiff in Resources */,
				55377FA11CC15C2400A2C08E /* Quebec.tiff in Resources */,
				55377F9B1CC15C2400A2C08E /* NorthAfrica.tiff in Resources */,
				55377F8C1CC15C2400A2C08E /* India.tiff in Resources */,
				55377F9A1CC15C2400A2C08E /* NewGuinea.tiff in Resources */,
				55377FEE1CC15C2400A2C08E /* SNUserPathWraps.psw in Resources */,
				55377F841CC15C2400A2C08E /* EastAfrica.tiff in Resources */,
				55377FBB1CC15C2400A2C08E /* Die6.tiff in Resources */,
				55377F731CC15C2400A2C08E /* 10Soldiers.tiff in Resources */,
				55377FB81CC15C2400A2C08E /* Die3.tiff in Resources */,
				55377FB01CC15C2400A2C08E /* Computer.tiff in Resources */,
				55377FF41CC15DD700A2C08E /* Help in Resources */,
				55377FC81CC15C2400A2C08E /* PlayerConsole.nib in Resources */,
				55377FB91CC15C2400A2C08E /* Die4.tiff in Resources */,
				55377FAA1CC15C2400A2C08E /* WesternAustralia.tiff in Resources */,
				55377F821CC15C2400A2C08E /* China.tiff in Resources */,
				55377F811CC15C2400A2C08E /* CentralAmerica.tiff in Resources */,
				55377FB41CC15C2400A2C08E /* CPIcon.tiff in Resources */,
				55377F881CC15C2400A2C08E /* GreatBritain.tiff in Resources */,
				55377F991CC15C2400A2C08E /* Mongolia.tiff in Resources */,
				55377FA31CC15C2400A2C08E /* Siam.tiff in Resources */,
				55377F751CC15C2400A2C08E /* AppIcon2.tiff in Resources */,
				55377F891CC15C2400A2C08E /* Greenland.tiff in Resources */,
				55377FCA1CC15C2400A2C08E /* PreferencePanel.nib in Resources */,
				55377F9D1CC15C2400A2C08E /* NorthwestTerritory.tiff in Resources */,
				55377FAC1CC15C2400A2C08E /* WesternUS.tiff in Resources */,
				55377FD81CC15C2400A2C08E /* Human.tiff in Resources */,
				55377FBC1CC15C2400A2C08E /* CardPanel.nib in Resources */,
				55377F831CC15C2400A2C08E /* Congo.tiff in Resources */,
				55377F911CC15C2400A2C08E /* Joker2.tiff in Resources */,
				55377FDE1CC15C2400A2C08E /* NotPlaying.rtf in Resources */,
				55377FE91CC15C2400A2C08E /* RiskWorld.data in Resources */,
				55377F901CC15C2400A2C08E /* Joker1.tiff in Resources */,
				55377F781CC15C2400A2C08E /* BoardBacking.tiff in Resources */,
				55377FA01CC15C2400A2C08E /* Peru.tiff in Resources */,
				55377F981CC15C2400A2C08E /* MiddleEast.tiff in Resources */,
				55377FDC1CC15C2400A2C08E /* MiniWorldInfo.tiff in Resources */,
				55377FDA1CC15C2400A2C08E /* LittleCardBack.tiff in Resources */,
			);
			runOnlyForDeploymentPostprocessing = 0;
		};
		55377FF71CC15E1700A2C08E /* Resources */ = {
			isa = PBXResourcesBuildPhase;
			buildActionMask = 2147483647;
			files = (
				5537804B1CC161E500A2C08E /* Scandinavia.tiff in Resources */,
				553780461CC161E500A2C08E /* NorthernEurope.tiff in Resources */,
				553780511CC161E500A2C08E /* Ural.tiff in Resources */,
				5537803A1CC161E500A2C08E /* India.tiff in Resources */,
				553780491CC161E500A2C08E /* Peru.tiff in Resources */,
				5537803D1CC161E500A2C08E /* Japan.tiff in Resources */,
				553780261CC15E6A00A2C08E /* Original.nib in Resources */,
				5537801F1CC15E6A00A2C08E /* CardData.txt in Resources */,
				553780421CC161E500A2C08E /* MiddleEast.tiff in Resources */,
				553780341CC161E500A2C08E /* EasternAustralia.tiff in Resources */,
				553780531CC161E500A2C08E /* WesternAustralia.tiff in Resources */,
				553780361CC161E500A2C08E /* Egypt.tiff in Resources */,
				553780481CC161E500A2C08E /* Ontario.tiff in Resources */,
				553780411CC161E500A2C08E /* Madagascar.tiff in Resources */,
				553780591CC1624B00A2C08E /* CardBack.tiff in Resources */,
				5537802F1CC161E500A2C08E /* Brazil.tiff in Resources */,
				553780021CC15E1700A2C08E /* Assets.xcassets in Resources */,
				553780351CC161E500A2C08E /* EasternUS.tiff in Resources */,
				553780471CC161E500A2C08E /* NorthwestTerritory.tiff in Resources */,
				5537802B1CC161E500A2C08E /* Afghanistan.tiff in Resources */,
				5537802E1CC161E500A2C08E /* Argentina.tiff in Resources */,
				5537804F1CC161E500A2C08E /* SouthernEurope.tiff in Resources */,
				553780521CC161E500A2C08E /* Venezuela.tiff in Resources */,
				5537802D1CC161E500A2C08E /* Alberta.tiff in Resources */,
				553780201CC15E6A00A2C08E /* ContinentData.txt in Resources */,
				5537802C1CC161E500A2C08E /* Alaska.tiff in Resources */,
				5537804E1CC161E500A2C08E /* SouthAfrica.tiff in Resources */,
				553780331CC161E500A2C08E /* EastAfrica.tiff in Resources */,
				553780571CC161F800A2C08E /* BoardBacking.tiff in Resources */,
				553780401CC161E500A2C08E /* Kamchatka.tiff in Resources */,
				5537803C1CC161E500A2C08E /* Irkutsk.tiff in Resources */,
				553780211CC15E6A00A2C08E /* CountryData.txt in Resources */,
				553780561CC161E500A2C08E /* Yakutsk.tiff in Resources */,
				553780311CC161E500A2C08E /* China.tiff in Resources */,
				553780551CC161E500A2C08E /* WesternUS.tiff in Resources */,
				553780391CC161E500A2C08E /* Iceland.tiff in Resources */,
				553780301CC161E500A2C08E /* CentralAmerica.tiff in Resources */,
				553780371CC161E500A2C08E /* GreatBritain.tiff in Resources */,
				553780541CC161E500A2C08E /* WesternEurope.tiff in Resources */,
				5537804A1CC161E500A2C08E /* Quebec.tiff in Resources */,
				5537804D1CC161E500A2C08E /* Siberia.tiff in Resources */,
				553780661CC1631900A2C08E /* SNUserPathWraps.psw in Resources */,
				553780221CC15E6A00A2C08E /* CountryNeighbors.txt in Resources */,
				553780381CC161E500A2C08E /* Greenland.tiff in Resources */,
				553780501CC161E500A2C08E /* Ukraine.tiff in Resources */,
				553780441CC161E500A2C08E /* NewGuinea.tiff in Resources */,
				553780431CC161E500A2C08E /* Mongolia.tiff in Resources */,
				553780321CC161E500A2C08E /* Congo.tiff in Resources */,
				553780241CC15E6A00A2C08E /* RiskUtil.nib in Resources */,
				553780451CC161E500A2C08E /* NorthAfrica.tiff in Resources */,
				5537803E1CC161E500A2C08E /* Joker1.tiff in Resources */,
				5537803B1CC161E500A2C08E /* Indonesia.tiff in Resources */,
				5537804C1CC161E500A2C08E /* Siam.tiff in Resources */,
				5537803F1CC161E500A2C08E /* Joker2.tiff in Resources */,
			);
			runOnlyForDeploymentPostprocessing = 0;
		};
		553780691CC1639C00A2C08E /* Resources */ = {
			isa = PBXResourcesBuildPhase;
			buildActionMask = 2147483647;
			files = (
				5537807C1CC1640600A2C08E /* Aimless.rtf in Resources */,
				5537807D1CC1640600A2C08E /* Aimless.tiff in Resources */,
			);
			runOnlyForDeploymentPostprocessing = 0;
		};
		553780881CC1642900A2C08E /* Resources */ = {
			isa = PBXResourcesBuildPhase;
			buildActionMask = 2147483647;
			files = (
				553780971CC1655300A2C08E /* Chaotic.tiff in Resources */,
				553780961CC1655300A2C08E /* Chaotic.rtf in Resources */,
			);
			runOnlyForDeploymentPostprocessing = 0;
		};
/* End PBXResourcesBuildPhase section */

/* Begin PBXSourcesBuildPhase section */
		55377EA51CC15AC900A2C08E /* Sources */ = {
			isa = PBXSourcesBuildPhase;
			buildActionMask = 2147483647;
			files = (
				55377FCF1CC15C2400A2C08E /* GameConfiguration.m in Sources */,
				55377FDF1CC15C2400A2C08E /* NSObjectExtensions.m in Sources */,
				55377FE01CC15C2400A2C08E /* PreferenceController.m in Sources */,
				55377FF11CC15C2400A2C08E /* WorldInfoController.m in Sources */,
				55377F7A1CC15C2400A2C08E /* Brain.m in Sources */,
				55377FE81CC15C2400A2C08E /* RiskPoint.m in Sources */,
				55377F791CC15C2400A2C08E /* BoardSetup.m in Sources */,
				55377FF01CC15C2400A2C08E /* StatusView.m in Sources */,
				55377FB31CC15C2400A2C08E /* CountryShape.m in Sources */,
				55377FEA1CC15C2400A2C08E /* RiskWorld.m in Sources */,
				55377FE21CC15C2400A2C08E /* Risk.m in Sources */,
				55377FB11CC15C2400A2C08E /* Continent.m in Sources */,
				55377FEC1CC15C2400A2C08E /* SNUserPath.m in Sources */,
				55377FE41CC15C2400A2C08E /* RiskGameManager.m in Sources */,
				55377FE51CC15C2400A2C08E /* RiskMapView.m in Sources */,
				55377FEB1CC15C2400A2C08E /* SNRandom.m in Sources */,
				55377F771CC15C2400A2C08E /* ArmyView.m in Sources */,
				55377FED1CC15C2400A2C08E /* SNUserPathOperation.m in Sources */,
				55377FD91CC15C2400A2C08E /* LineView.m in Sources */,
				55377FE61CC15C2400A2C08E /* RiskNeighbor.m in Sources */,
				55377FAF1CC15C2400A2C08E /* CardSet.m in Sources */,
				55377FE31CC15C2400A2C08E /* RiskCard.m in Sources */,
				55377FB21CC15C2400A2C08E /* Country.m in Sources */,
				55377FDD1CC15C2400A2C08E /* NewGameController.m in Sources */,
				55377FE11CC15C2400A2C08E /* Risk_main.m in Sources */,
				55377FE71CC15C2400A2C08E /* RiskPlayer.m in Sources */,
				55377FAE1CC15C2400A2C08E /* CardPanelController.m in Sources */,
				55377FD61CC15C2400A2C08E /* Human.m in Sources */,
				55377FB51CC15C2400A2C08E /* DiceInspector.m in Sources */,
				55377F761CC15C2400A2C08E /* ArmyPlacementValidator.m in Sources */,
			);
			runOnlyForDeploymentPostprocessing = 0;
		};
		55377FF51CC15E1700A2C08E /* Sources */ = {
			isa = PBXSourcesBuildPhase;
			buildActionMask = 2147483647;
			files = (
				5537805E1CC1629600A2C08E /* Risk.m in Sources */,
				553780581CC1620B00A2C08E /* BoardSetup.m in Sources */,
				5537805F1CC1629A00A2C08E /* RiskCard.m in Sources */,
				553780621CC162C500A2C08E /* RiskPoint.m in Sources */,
				553780231CC15E6A00A2C08E /* CountryShapeGenerator.m in Sources */,
				5537805A1CC1625600A2C08E /* Continent.m in Sources */,
				5537802A1CC15E6A00A2C08E /* RiskUtility.m in Sources */,
				553780631CC162D600A2C08E /* RiskWorld.m in Sources */,
				5537805B1CC1626400A2C08E /* Country.m in Sources */,
				553780291CC15E6A00A2C08E /* RiskNeighborView.m in Sources */,
				553780641CC162E400A2C08E /* SNUserPath.m in Sources */,
				553780611CC162B400A2C08E /* RiskNeighbor.m in Sources */,
				5537805C1CC1626D00A2C08E /* CountryShape.m in Sources */,
				5537805D1CC1628200A2C08E /* NSObjectExtensions.m in Sources */,
				553780651CC162F400A2C08E /* SNUserPathOperation.m in Sources */,
				553780601CC162A800A2C08E /* RiskMapView.m in Sources */,
			);
			runOnlyForDeploymentPostprocessing = 0;
		};
		553780671CC1639C00A2C08E /* Sources */ = {
			isa = PBXSourcesBuildPhase;
			buildActionMask = 2147483647;
			files = (
				5537807E1CC1640600A2C08E /* DNode.m in Sources */,
				5537807F1CC1640600A2C08E /* PathFinder.m in Sources */,
				553780801CC1640600A2C08E /* SNHeap.m in Sources */,
				5537807B1CC1640600A2C08E /* Aimless.m in Sources */,
			);
			runOnlyForDeploymentPostprocessing = 0;
		};
		553780821CC1642900A2C08E /* Sources */ = {
			isa = PBXSourcesBuildPhase;
			buildActionMask = 2147483647;
			files = (
				553780951CC1655300A2C08E /* Chaotic.m in Sources */,
			);
			runOnlyForDeploymentPostprocessing = 0;
		};
/* End PBXSourcesBuildPhase section */

/* Begin PBXVariantGroup section */
		55377F131CC15C2300A2C08E /* CardPanel.nib */ = {
			isa = PBXVariantGroup;
			children = (
				55377F141CC15C2300A2C08E /* English */,
			);
			name = CardPanel.nib;
			path = English.lproj;
			sourceTree = "<group>";
		};
		55377F171CC15C2300A2C08E /* DiceInspector.nib */ = {
			isa = PBXVariantGroup;
			children = (
				55377F181CC15C2300A2C08E /* English */,
			);
			name = DiceInspector.nib;
			path = English.lproj;
			sourceTree = "<group>";
		};
		55377F1B1CC15C2300A2C08E /* GameBoard.nib */ = {
			isa = PBXVariantGroup;
			children = (
				55377F1C1CC15C2300A2C08E /* English */,
			);
			name = GameBoard.nib;
			path = English.lproj;
			sourceTree = "<group>";
		};
		55377F1F1CC15C2300A2C08E /* InfoPanel.nib */ = {
			isa = PBXVariantGroup;
			children = (
				55377F201CC15C2300A2C08E /* English */,
			);
			name = InfoPanel.nib;
			path = English.lproj;
			sourceTree = "<group>";
		};
		55377F231CC15C2300A2C08E /* NewGamePanel.nib */ = {
			isa = PBXVariantGroup;
			children = (
				55377F241CC15C2300A2C08E /* English */,
			);
			name = NewGamePanel.nib;
			path = English.lproj;
			sourceTree = "<group>";
		};
		55377F271CC15C2300A2C08E /* Risk.nib */ = {
			isa = PBXVariantGroup;
			children = (
				55377F281CC15C2300A2C08E /* English */,
			);
			name = Risk.nib;
			path = English.lproj;
			sourceTree = "<group>";
		};
		55377F2B1CC15C2300A2C08E /* PlayerConsole.nib */ = {
			isa = PBXVariantGroup;
			children = (
				55377F2C1CC15C2300A2C08E /* English */,
			);
			name = PlayerConsole.nib;
			path = English.lproj;
			sourceTree = "<group>";
		};
		55377F2F1CC15C2300A2C08E /* PreferencePanel.nib */ = {
			isa = PBXVariantGroup;
			children = (
				55377F301CC15C2300A2C08E /* English */,
			);
			name = PreferencePanel.nib;
			path = English.lproj;
			sourceTree = "<group>";
		};
		55377F351CC15C2300A2C08E /* WorldInfoPanel.nib */ = {
			isa = PBXVariantGroup;
			children = (
				55377F361CC15C2300A2C08E /* English */,
			);
			name = WorldInfoPanel.nib;
			path = English.lproj;
			sourceTree = "<group>";
		};
		553780111CC15E6A00A2C08E /* RiskUtil.nib */ = {
			isa = PBXVariantGroup;
			children = (
				553780121CC15E6A00A2C08E /* English */,
			);
			name = RiskUtil.nib;
			sourceTree = "<group>";
		};
		553780151CC15E6A00A2C08E /* Original.nib */ = {
			isa = PBXVariantGroup;
			children = (
				553780161CC15E6A00A2C08E /* English */,
			);
			name = Original.nib;
			sourceTree = "<group>";
		};
/* End PBXVariantGroup section */

/* Begin XCBuildConfiguration section */
		55377EB81CC15AC900A2C08E /* Debug */ = {
			isa = XCBuildConfiguration;
			buildSettings = {
				ALWAYS_SEARCH_USER_PATHS = NO;
				CLANG_ANALYZER_NONNULL = YES;
				CLANG_CXX_LANGUAGE_STANDARD = "gnu++0x";
				CLANG_CXX_LIBRARY = "libc++";
				CLANG_ENABLE_MODULES = YES;
				CLANG_ENABLE_OBJC_ARC = YES;
				CLANG_WARN_BOOL_CONVERSION = YES;
				CLANG_WARN_CONSTANT_CONVERSION = YES;
				CLANG_WARN_DIRECT_OBJC_ISA_USAGE = YES_ERROR;
				CLANG_WARN_EMPTY_BODY = YES;
				CLANG_WARN_ENUM_CONVERSION = YES;
				CLANG_WARN_INT_CONVERSION = YES;
				CLANG_WARN_OBJC_ROOT_CLASS = YES_ERROR;
				CLANG_WARN_UNREACHABLE_CODE = YES;
				CLANG_WARN__DUPLICATE_METHOD_MATCH = YES;
				CODE_SIGN_IDENTITY = "-";
				COPY_PHASE_STRIP = NO;
				DEBUG_INFORMATION_FORMAT = dwarf;
				ENABLE_STRICT_OBJC_MSGSEND = YES;
				ENABLE_TESTABILITY = YES;
				GCC_C_LANGUAGE_STANDARD = gnu99;
				GCC_DYNAMIC_NO_PIC = NO;
				GCC_NO_COMMON_BLOCKS = YES;
				GCC_OPTIMIZATION_LEVEL = 0;
				GCC_PREPROCESSOR_DEFINITIONS = (
					"DEBUG=1",
					"$(inherited)",
				);
				GCC_WARN_64_TO_32_BIT_CONVERSION = YES;
				GCC_WARN_ABOUT_RETURN_TYPE = YES_ERROR;
				GCC_WARN_UNDECLARED_SELECTOR = YES;
				GCC_WARN_UNINITIALIZED_AUTOS = YES_AGGRESSIVE;
				GCC_WARN_UNUSED_FUNCTION = YES;
				GCC_WARN_UNUSED_VARIABLE = YES;
				MACOSX_DEPLOYMENT_TARGET = 10.11;
				MTL_ENABLE_DEBUG_INFO = YES;
				ONLY_ACTIVE_ARCH = YES;
				SDKROOT = macosx;
			};
			name = Debug;
		};
		55377EB91CC15AC900A2C08E /* Release */ = {
			isa = XCBuildConfiguration;
			buildSettings = {
				ALWAYS_SEARCH_USER_PATHS = NO;
				CLANG_ANALYZER_NONNULL = YES;
				CLANG_CXX_LANGUAGE_STANDARD = "gnu++0x";
				CLANG_CXX_LIBRARY = "libc++";
				CLANG_ENABLE_MODULES = YES;
				CLANG_ENABLE_OBJC_ARC = YES;
				CLANG_WARN_BOOL_CONVERSION = YES;
				CLANG_WARN_CONSTANT_CONVERSION = YES;
				CLANG_WARN_DIRECT_OBJC_ISA_USAGE = YES_ERROR;
				CLANG_WARN_EMPTY_BODY = YES;
				CLANG_WARN_ENUM_CONVERSION = YES;
				CLANG_WARN_INT_CONVERSION = YES;
				CLANG_WARN_OBJC_ROOT_CLASS = YES_ERROR;
				CLANG_WARN_UNREACHABLE_CODE = YES;
				CLANG_WARN__DUPLICATE_METHOD_MATCH = YES;
				CODE_SIGN_IDENTITY = "-";
				COPY_PHASE_STRIP = NO;
				DEBUG_INFORMATION_FORMAT = "dwarf-with-dsym";
				ENABLE_NS_ASSERTIONS = NO;
				ENABLE_STRICT_OBJC_MSGSEND = YES;
				GCC_C_LANGUAGE_STANDARD = gnu99;
				GCC_NO_COMMON_BLOCKS = YES;
				GCC_WARN_64_TO_32_BIT_CONVERSION = YES;
				GCC_WARN_ABOUT_RETURN_TYPE = YES_ERROR;
				GCC_WARN_UNDECLARED_SELECTOR = YES;
				GCC_WARN_UNINITIALIZED_AUTOS = YES_AGGRESSIVE;
				GCC_WARN_UNUSED_FUNCTION = YES;
				GCC_WARN_UNUSED_VARIABLE = YES;
				MACOSX_DEPLOYMENT_TARGET = 10.11;
				MTL_ENABLE_DEBUG_INFO = NO;
				SDKROOT = macosx;
			};
			name = Release;
		};
		55377EBB1CC15AC900A2C08E /* Debug */ = {
			isa = XCBuildConfiguration;
			buildSettings = {
				ASSETCATALOG_COMPILER_APPICON_NAME = AppIcon;
				COMBINE_HIDPI_IMAGES = YES;
				INFOPLIST_FILE = Risk/Info.plist;
				LD_RUNPATH_SEARCH_PATHS = "$(inherited) @executable_path/../Frameworks";
				PRODUCT_BUNDLE_IDENTIFIER = com.github.maddthesane.Risk;
				PRODUCT_NAME = "$(TARGET_NAME)";
			};
			name = Debug;
		};
		55377EBC1CC15AC900A2C08E /* Release */ = {
			isa = XCBuildConfiguration;
			buildSettings = {
				ASSETCATALOG_COMPILER_APPICON_NAME = AppIcon;
				COMBINE_HIDPI_IMAGES = YES;
				INFOPLIST_FILE = Risk/Info.plist;
				LD_RUNPATH_SEARCH_PATHS = "$(inherited) @executable_path/../Frameworks";
				PRODUCT_BUNDLE_IDENTIFIER = com.github.maddthesane.Risk;
				PRODUCT_NAME = "$(TARGET_NAME)";
			};
			name = Release;
		};
		553780081CC15E1700A2C08E /* Debug */ = {
			isa = XCBuildConfiguration;
			buildSettings = {
				ASSETCATALOG_COMPILER_APPICON_NAME = AppIcon;
				COMBINE_HIDPI_IMAGES = YES;
				INFOPLIST_FILE = RiskUtil/Info.plist;
				LD_RUNPATH_SEARCH_PATHS = "$(inherited) @executable_path/../Frameworks";
				PRODUCT_BUNDLE_IDENTIFIER = com.github.maddthesane.RiskUtil;
				PRODUCT_NAME = "$(TARGET_NAME)";
			};
			name = Debug;
		};
		553780091CC15E1700A2C08E /* Release */ = {
			isa = XCBuildConfiguration;
			buildSettings = {
				ASSETCATALOG_COMPILER_APPICON_NAME = AppIcon;
				COMBINE_HIDPI_IMAGES = YES;
				INFOPLIST_FILE = RiskUtil/Info.plist;
				LD_RUNPATH_SEARCH_PATHS = "$(inherited) @executable_path/../Frameworks";
				PRODUCT_BUNDLE_IDENTIFIER = com.github.maddthesane.RiskUtil;
				PRODUCT_NAME = "$(TARGET_NAME)";
			};
			name = Release;
		};
		5537806F1CC1639C00A2C08E /* Debug */ = {
			isa = XCBuildConfiguration;
			buildSettings = {
				COMBINE_HIDPI_IMAGES = YES;
				INFOPLIST_FILE = Risk/Aimless.bproj/Info.plist;
				INSTALL_PATH = "$(LOCAL_LIBRARY_DIR)/Bundles";
				PRODUCT_BUNDLE_IDENTIFIER = com.github.maddthesane.Aimless;
				PRODUCT_NAME = "$(TARGET_NAME)";
				SKIP_INSTALL = YES;
				WRAPPER_EXTENSION = riskplayer;
			};
			name = Debug;
		};
		553780701CC1639C00A2C08E /* Release */ = {
			isa = XCBuildConfiguration;
			buildSettings = {
				COMBINE_HIDPI_IMAGES = YES;
				INFOPLIST_FILE = Risk/Aimless.bproj/Info.plist;
				INSTALL_PATH = "$(LOCAL_LIBRARY_DIR)/Bundles";
				PRODUCT_BUNDLE_IDENTIFIER = com.github.maddthesane.Aimless;
				PRODUCT_NAME = "$(TARGET_NAME)";
				SKIP_INSTALL = YES;
				WRAPPER_EXTENSION = riskplayer;
			};
			name = Release;
		};
		5537808C1CC1642900A2C08E /* Debug */ = {
			isa = XCBuildConfiguration;
			buildSettings = {
				COMBINE_HIDPI_IMAGES = YES;
				INFOPLIST_FILE = Risk/Chaotic.bproj/Info.plist;
				INSTALL_PATH = "$(LOCAL_LIBRARY_DIR)/Bundles";
				PRODUCT_BUNDLE_IDENTIFIER = com.github.maddthesane.Chaotic;
				PRODUCT_NAME = "$(TARGET_NAME)";
				SKIP_INSTALL = YES;
				WRAPPER_EXTENSION = riskplayer;
			};
			name = Debug;
		};
		5537808D1CC1642900A2C08E /* Release */ = {
			isa = XCBuildConfiguration;
			buildSettings = {
				COMBINE_HIDPI_IMAGES = YES;
				INFOPLIST_FILE = Risk/Chaotic.bproj/Info.plist;
				INSTALL_PATH = "$(LOCAL_LIBRARY_DIR)/Bundles";
				PRODUCT_BUNDLE_IDENTIFIER = com.github.maddthesane.Chaotic;
				PRODUCT_NAME = "$(TARGET_NAME)";
				SKIP_INSTALL = YES;
				WRAPPER_EXTENSION = riskplayer;
			};
			name = Release;
		};
/* End XCBuildConfiguration section */

/* Begin XCConfigurationList section */
		55377EA41CC15AC900A2C08E /* Build configuration list for PBXProject "Risk" */ = {
			isa = XCConfigurationList;
			buildConfigurations = (
				55377EB81CC15AC900A2C08E /* Debug */,
				55377EB91CC15AC900A2C08E /* Release */,
			);
			defaultConfigurationIsVisible = 0;
			defaultConfigurationName = Release;
		};
		55377EBA1CC15AC900A2C08E /* Build configuration list for PBXNativeTarget "Risk" */ = {
			isa = XCConfigurationList;
			buildConfigurations = (
				55377EBB1CC15AC900A2C08E /* Debug */,
				55377EBC1CC15AC900A2C08E /* Release */,
			);
			defaultConfigurationIsVisible = 0;
			defaultConfigurationName = Release;
		};
		553780071CC15E1700A2C08E /* Build configuration list for PBXNativeTarget "RiskUtil" */ = {
			isa = XCConfigurationList;
			buildConfigurations = (
				553780081CC15E1700A2C08E /* Debug */,
				553780091CC15E1700A2C08E /* Release */,
			);
			defaultConfigurationIsVisible = 0;
		};
		5537806E1CC1639C00A2C08E /* Build configuration list for PBXNativeTarget "Aimless" */ = {
			isa = XCConfigurationList;
			buildConfigurations = (
				5537806F1CC1639C00A2C08E /* Debug */,
				553780701CC1639C00A2C08E /* Release */,
			);
			defaultConfigurationIsVisible = 0;
		};
		5537808B1CC1642900A2C08E /* Build configuration list for PBXNativeTarget "Chaotic" */ = {
			isa = XCConfigurationList;
			buildConfigurations = (
				5537808C1CC1642900A2C08E /* Debug */,
				5537808D1CC1642900A2C08E /* Release */,
			);
			defaultConfigurationIsVisible = 0;
			defaultConfigurationName = Release;
		};
/* End XCConfigurationList section */
	};
	rootObject = 55377EA11CC15AC900A2C08E /* Project object */;
}
